// !$*UTF8*$!
{
	archiveVersion = 1;
	classes = {
	};
	objectVersion = 46;
	objects = {

/* Begin PBXBuildFile section */
		074FE5331793A888008FD732 /* JKCustomAlert.m in Sources */ = {isa = PBXBuildFile; fileRef = 074FE5321793A888008FD732 /* JKCustomAlert.m */; };
		07BFB2481793AC2800FE623A /* login.png in Resources */ = {isa = PBXBuildFile; fileRef = 07BFB2451793AC2800FE623A /* login.png */; };
		07BFB2491793AC2800FE623A /* login1.png in Resources */ = {isa = PBXBuildFile; fileRef = 07BFB2461793AC2800FE623A /* login1.png */; };
		07BFB24A1793AC2800FE623A /* boxbg.png in Resources */ = {isa = PBXBuildFile; fileRef = 07BFB2471793AC2800FE623A /* boxbg.png */; };
		711414F5178EA0C600042DD2 /* ShopInfoAddViewController.m in Sources */ = {isa = PBXBuildFile; fileRef = 711414F3178EA0C600042DD2 /* ShopInfoAddViewController.m */; };
		711414F6178EA0C600042DD2 /* ShopInfoAddViewController.xib in Resources */ = {isa = PBXBuildFile; fileRef = 711414F4178EA0C600042DD2 /* ShopInfoAddViewController.xib */; };
		711414FB178EA7D200042DD2 /* jhztbg01.png in Resources */ = {isa = PBXBuildFile; fileRef = 711414F8178EA7D200042DD2 /* jhztbg01.png */; };
		711414FC178EA7D200042DD2 /* jhztbg02.png in Resources */ = {isa = PBXBuildFile; fileRef = 711414F9178EA7D200042DD2 /* jhztbg02.png */; };
		711414FD178EA7D200042DD2 /* jhztbg03.png in Resources */ = {isa = PBXBuildFile; fileRef = 711414FA178EA7D200042DD2 /* jhztbg03.png */; };
		711C7BE9178FE05A0041FE3C /* MBAlertView.m in Sources */ = {isa = PBXBuildFile; fileRef = 711C7BE6178FE05A0041FE3C /* MBAlertView.m */; };
		711C7BEA178FE05A0041FE3C /* MBHUDView.m in Sources */ = {isa = PBXBuildFile; fileRef = 711C7BE8178FE05A0041FE3C /* MBHUDView.m */; };
		711C7BF2178FE07C0041FE3C /* NSString+Trim.m in Sources */ = {isa = PBXBuildFile; fileRef = 711C7BED178FE07C0041FE3C /* NSString+Trim.m */; };
		711C7BF3178FE07C0041FE3C /* UIFont+Alert.m in Sources */ = {isa = PBXBuildFile; fileRef = 711C7BEF178FE07C0041FE3C /* UIFont+Alert.m */; };
		711C7BF4178FE07C0041FE3C /* UIView+Animations.m in Sources */ = {isa = PBXBuildFile; fileRef = 711C7BF1178FE07C0041FE3C /* UIView+Animations.m */; };
		711C7BFD178FE08C0041FE3C /* MBAlertViewButton.m in Sources */ = {isa = PBXBuildFile; fileRef = 711C7BF8178FE08C0041FE3C /* MBAlertViewButton.m */; };
		711C7BFE178FE08C0041FE3C /* MBCheckMarkView.m in Sources */ = {isa = PBXBuildFile; fileRef = 711C7BFA178FE08C0041FE3C /* MBCheckMarkView.m */; };
		711C7BFF178FE08C0041FE3C /* MBSpinningCircle.m in Sources */ = {isa = PBXBuildFile; fileRef = 711C7BFC178FE08C0041FE3C /* MBSpinningCircle.m */; };
		711C7C04178FE0A00041FE3C /* MBAlertViewItem.m in Sources */ = {isa = PBXBuildFile; fileRef = 711C7C02178FE0A00041FE3C /* MBAlertViewItem.m */; };
		7150B3F0178FA6AE00733608 /* UIButton+Badge.m in Sources */ = {isa = PBXBuildFile; fileRef = 7150B3EF178FA6AE00733608 /* UIButton+Badge.m */; };
		7150B3F3178FA6BB00733608 /* CustomAlertView.m in Sources */ = {isa = PBXBuildFile; fileRef = 7150B3F2178FA6BB00733608 /* CustomAlertView.m */; };
		7150B3FE178FA6DB00733608 /* cancel.png in Resources */ = {isa = PBXBuildFile; fileRef = 7150B3F5178FA6DB00733608 /* cancel.png */; };
		7150B3FF178FA6DB00733608 /* alert-window.png in Resources */ = {isa = PBXBuildFile; fileRef = 7150B3F6178FA6DB00733608 /* alert-window.png */; };
		7150B400178FA6DB00733608 /* alert-window@2x.png in Resources */ = {isa = PBXBuildFile; fileRef = 7150B3F7178FA6DB00733608 /* alert-window@2x.png */; };
		7150B401178FA6DB00733608 /* camera_mode.png in Resources */ = {isa = PBXBuildFile; fileRef = 7150B3F8178FA6DB00733608 /* camera_mode.png */; };
		7150B402178FA6DB00733608 /* camera_icon.png in Resources */ = {isa = PBXBuildFile; fileRef = 7150B3F9178FA6DB00733608 /* camera_icon.png */; };
		7150B403178FA6DB00733608 /* camera_set.png in Resources */ = {isa = PBXBuildFile; fileRef = 7150B3FA178FA6DB00733608 /* camera_set.png */; };
		7150B404178FA6DB00733608 /* camera_flash_auto.png in Resources */ = {isa = PBXBuildFile; fileRef = 7150B3FB178FA6DB00733608 /* camera_flash_auto.png */; };
		7150B405178FA6DB00733608 /* camera_flash_off.png in Resources */ = {isa = PBXBuildFile; fileRef = 7150B3FC178FA6DB00733608 /* camera_flash_off.png */; };
		7150B406178FA6DB00733608 /* camera_flash_on.png in Resources */ = {isa = PBXBuildFile; fileRef = 7150B3FD178FA6DB00733608 /* camera_flash_on.png */; };
		7184BA501786C49100CE38F3 /* ShopInfoEntity.m in Sources */ = {isa = PBXBuildFile; fileRef = 7184BA4F1786C49100CE38F3 /* ShopInfoEntity.m */; };
		7184BA541786C5A000CE38F3 /* ShopInfoFKViewController.m in Sources */ = {isa = PBXBuildFile; fileRef = 7184BA521786C5A000CE38F3 /* ShopInfoFKViewController.m */; };
		7184BA551786C5A000CE38F3 /* ShopInfoFKViewController.xib in Resources */ = {isa = PBXBuildFile; fileRef = 7184BA531786C5A000CE38F3 /* ShopInfoFKViewController.xib */; };
		7184BAE7178A889A00CE38F3 /* a.png in Resources */ = {isa = PBXBuildFile; fileRef = 7184BAE5178A889A00CE38F3 /* a.png */; };
		7184BAE8178A889A00CE38F3 /* d.png in Resources */ = {isa = PBXBuildFile; fileRef = 7184BAE6178A889A00CE38F3 /* d.png */; };
		71C3057D1783CFAB001A09AF /* UIKit.framework in Frameworks */ = {isa = PBXBuildFile; fileRef = 71C3057C1783CFAB001A09AF /* UIKit.framework */; };
		71C3057F1783CFAB001A09AF /* Foundation.framework in Frameworks */ = {isa = PBXBuildFile; fileRef = 71C3057E1783CFAB001A09AF /* Foundation.framework */; };
		71C305811783CFAB001A09AF /* CoreGraphics.framework in Frameworks */ = {isa = PBXBuildFile; fileRef = 71C305801783CFAB001A09AF /* CoreGraphics.framework */; };
		71C305871783CFAB001A09AF /* InfoPlist.strings in Resources */ = {isa = PBXBuildFile; fileRef = 71C305851783CFAB001A09AF /* InfoPlist.strings */; };
		71C305891783CFAB001A09AF /* main.m in Sources */ = {isa = PBXBuildFile; fileRef = 71C305881783CFAB001A09AF /* main.m */; };
		71C3058D1783CFAB001A09AF /* AppDelegate.m in Sources */ = {isa = PBXBuildFile; fileRef = 71C3058C1783CFAB001A09AF /* AppDelegate.m */; };
		71C3058F1783CFAB001A09AF /* Default.png in Resources */ = {isa = PBXBuildFile; fileRef = 71C3058E1783CFAB001A09AF /* Default.png */; };
		71C305911783CFAB001A09AF /* Default@2x.png in Resources */ = {isa = PBXBuildFile; fileRef = 71C305901783CFAB001A09AF /* Default@2x.png */; };
		71C305931783CFAB001A09AF /* Default-568h@2x.png in Resources */ = {isa = PBXBuildFile; fileRef = 71C305921783CFAB001A09AF /* Default-568h@2x.png */; };
		71C305961783CFAB001A09AF /* ViewController.m in Sources */ = {isa = PBXBuildFile; fileRef = 71C305951783CFAB001A09AF /* ViewController.m */; };
		71C305991783CFAB001A09AF /* ViewController_iPhone.xib in Resources */ = {isa = PBXBuildFile; fileRef = 71C305971783CFAB001A09AF /* ViewController_iPhone.xib */; };
		71C3059C1783CFAB001A09AF /* ViewController_iPad.xib in Resources */ = {isa = PBXBuildFile; fileRef = 71C3059A1783CFAB001A09AF /* ViewController_iPad.xib */; };
		71C305A71783EA13001A09AF /* iphonemobile_r8_c2.png in Resources */ = {isa = PBXBuildFile; fileRef = 71C305A41783EA13001A09AF /* iphonemobile_r8_c2.png */; };
		71C305A81783EA13001A09AF /* iphonemobile_r8_c8.png in Resources */ = {isa = PBXBuildFile; fileRef = 71C305A51783EA13001A09AF /* iphonemobile_r8_c8.png */; };
		71C305A91783EA13001A09AF /* iphonemobile_r8_c4.png in Resources */ = {isa = PBXBuildFile; fileRef = 71C305A61783EA13001A09AF /* iphonemobile_r8_c4.png */; };
		71C305AE1783EABA001A09AF /* cxdt.png in Resources */ = {isa = PBXBuildFile; fileRef = 71C305AA1783EABA001A09AF /* cxdt.png */; };
		71C305AF1783EABA001A09AF /* rcgz.png in Resources */ = {isa = PBXBuildFile; fileRef = 71C305AB1783EABA001A09AF /* rcgz.png */; };
		71C305B01783EABA001A09AF /* mobile_r4_c6.png in Resources */ = {isa = PBXBuildFile; fileRef = 71C305AC1783EABA001A09AF /* mobile_r4_c6.png */; };
		71C305B11783EABA001A09AF /* hjgl.png in Resources */ = {isa = PBXBuildFile; fileRef = 71C305AD1783EABA001A09AF /* hjgl.png */; };
		71CF98931783F53800D266A6 /* TPKeyboardAvoidingTableView.m in Sources */ = {isa = PBXBuildFile; fileRef = 71CF988C1783F53800D266A6 /* TPKeyboardAvoidingTableView.m */; };
		71CF98941783F53800D266A6 /* TPKeyboardAvoidingScrollView.m in Sources */ = {isa = PBXBuildFile; fileRef = 71CF988E1783F53800D266A6 /* TPKeyboardAvoidingScrollView.m */; };
		71CF98951783F53800D266A6 /* TPKeyboardAvoidingSampleAppDelegate.m in Sources */ = {isa = PBXBuildFile; fileRef = 71CF98901783F53800D266A6 /* TPKeyboardAvoidingSampleAppDelegate.m */; };
		71CF98961783F53800D266A6 /* WXHLGlobalUICommon.m in Sources */ = {isa = PBXBuildFile; fileRef = 71CF98921783F53800D266A6 /* WXHLGlobalUICommon.m */; };
		71CF989D1783F54B00D266A6 /* CSqlite.m in Sources */ = {isa = PBXBuildFile; fileRef = 71CF98991783F54B00D266A6 /* CSqlite.m */; };
		71CF989E1783F54B00D266A6 /* gps.db in Resources */ = {isa = PBXBuildFile; fileRef = 71CF989C1783F54B00D266A6 /* gps.db */; };
		71CF98A21783F56600D266A6 /* AppHelper.m in Sources */ = {isa = PBXBuildFile; fileRef = 71CF98A11783F56600D266A6 /* AppHelper.m */; };
		71CF98AB1783F59700D266A6 /* WebServices.m in Sources */ = {isa = PBXBuildFile; fileRef = 71CF98A71783F59700D266A6 /* WebServices.m */; };
		71CF98AC1783F59700D266A6 /* ServiceHelper.m in Sources */ = {isa = PBXBuildFile; fileRef = 71CF98A91783F59700D266A6 /* ServiceHelper.m */; };
		71CF98BD1783F5A200D266A6 /* ASINetworkQueue.m in Sources */ = {isa = PBXBuildFile; fileRef = 71CF98AE1783F5A200D266A6 /* ASINetworkQueue.m */; };
		71CF98BE1783F5A200D266A6 /* ASIDataDecompressor.m in Sources */ = {isa = PBXBuildFile; fileRef = 71CF98B01783F5A200D266A6 /* ASIDataDecompressor.m */; };
		71CF98BF1783F5A200D266A6 /* ASIDataCompressor.m in Sources */ = {isa = PBXBuildFile; fileRef = 71CF98B21783F5A200D266A6 /* ASIDataCompressor.m */; };
		71CF98C01783F5A200D266A6 /* ASIInputStream.m in Sources */ = {isa = PBXBuildFile; fileRef = 71CF98B41783F5A200D266A6 /* ASIInputStream.m */; };
		71CF98C11783F5A200D266A6 /* ASIAuthenticationDialog.m in Sources */ = {isa = PBXBuildFile; fileRef = 71CF98B61783F5A200D266A6 /* ASIAuthenticationDialog.m */; };
		71CF98C21783F5A200D266A6 /* ASIHTTPRequest.m in Sources */ = {isa = PBXBuildFile; fileRef = 71CF98BC1783F5A200D266A6 /* ASIHTTPRequest.m */; };
		71CF98C51783F5AF00D266A6 /* Reachability.m in Sources */ = {isa = PBXBuildFile; fileRef = 71CF98C41783F5AF00D266A6 /* Reachability.m */; };
		71CF98CD1783F5DC00D266A6 /* GDataXMLNode.m in Sources */ = {isa = PBXBuildFile; fileRef = 71CF98C81783F5DC00D266A6 /* GDataXMLNode.m */; };
		71CF98CE1783F5DC00D266A6 /* SoapXmlParseHelper.m in Sources */ = {isa = PBXBuildFile; fileRef = 71CF98CC1783F5DC00D266A6 /* SoapXmlParseHelper.m */; };
		71CF98D21783F5F100D266A6 /* SoapHelper.m in Sources */ = {isa = PBXBuildFile; fileRef = 71CF98D11783F5F100D266A6 /* SoapHelper.m */; };
		71CF98D61783F62000D266A6 /* MBProgressHUD.m in Sources */ = {isa = PBXBuildFile; fileRef = 71CF98D51783F62000D266A6 /* MBProgressHUD.m */; };
		71CF98D81783F65900D266A6 /* libsqlite3.0.dylib in Frameworks */ = {isa = PBXBuildFile; fileRef = 71CF98D71783F65900D266A6 /* libsqlite3.0.dylib */; };
		71CF98DA1783F66200D266A6 /* libz.1.2.5.dylib in Frameworks */ = {isa = PBXBuildFile; fileRef = 71CF98D91783F66200D266A6 /* libz.1.2.5.dylib */; };
		71CF98DC1783F66E00D266A6 /* libxml2.dylib in Frameworks */ = {isa = PBXBuildFile; fileRef = 71CF98DB1783F66E00D266A6 /* libxml2.dylib */; };
		71CF98DE1783F67B00D266A6 /* MapKit.framework in Frameworks */ = {isa = PBXBuildFile; fileRef = 71CF98DD1783F67B00D266A6 /* MapKit.framework */; };
		71CF98E01783F68400D266A6 /* CoreLocation.framework in Frameworks */ = {isa = PBXBuildFile; fileRef = 71CF98DF1783F68400D266A6 /* CoreLocation.framework */; };
		71CF98E21783F69100D266A6 /* SystemConfiguration.framework in Frameworks */ = {isa = PBXBuildFile; fileRef = 71CF98E11783F69100D266A6 /* SystemConfiguration.framework */; };
		71CF98E41783F69A00D266A6 /* MobileCoreServices.framework in Frameworks */ = {isa = PBXBuildFile; fileRef = 71CF98E31783F69A00D266A6 /* MobileCoreServices.framework */; };
		71CF98E61783F6B200D266A6 /* CFNetwork.framework in Frameworks */ = {isa = PBXBuildFile; fileRef = 71CF98E51783F6B200D266A6 /* CFNetwork.framework */; };
		71CF98F7178410B900D266A6 /* LoginViewController.m in Sources */ = {isa = PBXBuildFile; fileRef = 71CF98F5178410B900D266A6 /* LoginViewController.m */; };
		71CF98F8178410B900D266A6 /* LoginViewController.xib in Resources */ = {isa = PBXBuildFile; fileRef = 71CF98F6178410B900D266A6 /* LoginViewController.xib */; };
		71CF98FF178413AF00D266A6 /* DateSynViewController.m in Sources */ = {isa = PBXBuildFile; fileRef = 71CF98FD178413AF00D266A6 /* DateSynViewController.m */; };
		71CF9900178413AF00D266A6 /* DateSynViewController.xib in Resources */ = {isa = PBXBuildFile; fileRef = 71CF98FE178413AF00D266A6 /* DateSynViewController.xib */; };
		71CF9904178413BE00D266A6 /* SystemSetViewController.m in Sources */ = {isa = PBXBuildFile; fileRef = 71CF9902178413BE00D266A6 /* SystemSetViewController.m */; };
		71CF9905178413BE00D266A6 /* SystemSetViewController.xib in Resources */ = {isa = PBXBuildFile; fileRef = 71CF9903178413BE00D266A6 /* SystemSetViewController.xib */; };
		71CF9909178413D600D266A6 /* VersionInfoViewController.m in Sources */ = {isa = PBXBuildFile; fileRef = 71CF9907178413D600D266A6 /* VersionInfoViewController.m */; };
		71CF990A178413D600D266A6 /* VersionInfoViewController.xib in Resources */ = {isa = PBXBuildFile; fileRef = 71CF9908178413D600D266A6 /* VersionInfoViewController.xib */; };
		71CF990C1784144F00D266A6 /* Readme_For_ShuaiYin.txt in Resources */ = {isa = PBXBuildFile; fileRef = 71CF990B1784144F00D266A6 /* Readme_For_ShuaiYin.txt */; };
		71CF990E1784149500D266A6 /* Readme_For_LvLei.txt in Resources */ = {isa = PBXBuildFile; fileRef = 71CF990D1784149500D266A6 /* Readme_For_LvLei.txt */; };
		71CF99121784184800D266A6 /* versionimg.png in Resources */ = {isa = PBXBuildFile; fileRef = 71CF99111784184800D266A6 /* versionimg.png */; };
		71CF991417841B1900D266A6 /* bodybgs.png in Resources */ = {isa = PBXBuildFile; fileRef = 71CF991317841B1900D266A6 /* bodybgs.png */; };
		71CF991917841F7E00D266A6 /* DayWorkViewController.m in Sources */ = {isa = PBXBuildFile; fileRef = 71CF991717841F7E00D266A6 /* DayWorkViewController.m */; };
		71CF991A17841F7E00D266A6 /* DayWorkViewController.xib in Resources */ = {isa = PBXBuildFile; fileRef = 71CF991817841F7E00D266A6 /* DayWorkViewController.xib */; };
		71CF9922178420FF00D266A6 /* icon101.png in Resources */ = {isa = PBXBuildFile; fileRef = 71CF991C178420FF00D266A6 /* icon101.png */; };
		71CF9923178420FF00D266A6 /* icon102.png in Resources */ = {isa = PBXBuildFile; fileRef = 71CF991D178420FF00D266A6 /* icon102.png */; };
		71CF9924178420FF00D266A6 /* icon103.png in Resources */ = {isa = PBXBuildFile; fileRef = 71CF991E178420FF00D266A6 /* icon103.png */; };
		71CF9925178420FF00D266A6 /* icon104.png in Resources */ = {isa = PBXBuildFile; fileRef = 71CF991F178420FF00D266A6 /* icon104.png */; };
		71CF9926178420FF00D266A6 /* icon105.png in Resources */ = {isa = PBXBuildFile; fileRef = 71CF9920178420FF00D266A6 /* icon105.png */; };
		71CF9927178420FF00D266A6 /* icon401.png in Resources */ = {isa = PBXBuildFile; fileRef = 71CF9921178420FF00D266A6 /* icon401.png */; };
		71CF992C1785070F00D266A6 /* ShopInfoViewController.m in Sources */ = {isa = PBXBuildFile; fileRef = 71CF992A1785070F00D266A6 /* ShopInfoViewController.m */; };
		71CF992D1785070F00D266A6 /* ShopInfoViewController.xib in Resources */ = {isa = PBXBuildFile; fileRef = 71CF992B1785070F00D266A6 /* ShopInfoViewController.xib */; };
		71CF993417850E6300D266A6 /* toolsbga.png in Resources */ = {isa = PBXBuildFile; fileRef = 71CF993117850E6300D266A6 /* toolsbga.png */; };
		71CF993517850E6300D266A6 /* toolsbgb_click.png in Resources */ = {isa = PBXBuildFile; fileRef = 71CF993217850E6300D266A6 /* toolsbgb_click.png */; };
		71CF993617850E6300D266A6 /* toolsbgb.png in Resources */ = {isa = PBXBuildFile; fileRef = 71CF993317850E6300D266A6 /* toolsbgb.png */; };
		71CF993917850FA300D266A6 /* selecttoolnones.png in Resources */ = {isa = PBXBuildFile; fileRef = 71CF993717850FA200D266A6 /* selecttoolnones.png */; };
		71CF993A17850FA300D266A6 /* selecttoolnone.png in Resources */ = {isa = PBXBuildFile; fileRef = 71CF993817850FA300D266A6 /* selecttoolnone.png */; };
		71CF993D1785107800D266A6 /* buttonbg_01.png in Resources */ = {isa = PBXBuildFile; fileRef = 71CF993B1785107800D266A6 /* buttonbg_01.png */; };
		71CF993E1785107800D266A6 /* buttonbg_02.png in Resources */ = {isa = PBXBuildFile; fileRef = 71CF993C1785107800D266A6 /* buttonbg_02.png */; };
		71CF9942178516E800D266A6 /* TTUITableViewZoomController.m in Sources */ = {isa = PBXBuildFile; fileRef = 71CF9941178516E800D266A6 /* TTUITableViewZoomController.m */; };
		71CF994517851BCD00D266A6 /* FancyCellView.xib in Resources */ = {isa = PBXBuildFile; fileRef = 71CF994417851BCD00D266A6 /* FancyCellView.xib */; };
		71CF994717851BDE00D266A6 /* about-tomthorpelogo.png in Resources */ = {isa = PBXBuildFile; fileRef = 71CF994617851BDE00D266A6 /* about-tomthorpelogo.png */; };
		71CF994B17851C0E00D266A6 /* DIYTableViewController.m in Sources */ = {isa = PBXBuildFile; fileRef = 71CF994917851C0E00D266A6 /* DIYTableViewController.m */; };
		71CF994E17851C9300D266A6 /* DIYTableViewController.xib in Resources */ = {isa = PBXBuildFile; fileRef = 71CF994D17851C9300D266A6 /* DIYTableViewController.xib */; };
		71CF99521785213600D266A6 /* TabThreeViewController.m in Sources */ = {isa = PBXBuildFile; fileRef = 71CF99501785213400D266A6 /* TabThreeViewController.m */; };
		71CF99531785213600D266A6 /* TabThreeViewController.xib in Resources */ = {isa = PBXBuildFile; fileRef = 71CF99511785213500D266A6 /* TabThreeViewController.xib */; };
		71CF9956178533DE00D266A6 /* ShopInfoCell.m in Sources */ = {isa = PBXBuildFile; fileRef = 71CF9955178533DD00D266A6 /* ShopInfoCell.m */; };
		71CF99581785340400D266A6 /* ShopInfoCell.xib in Resources */ = {isa = PBXBuildFile; fileRef = 71CF99571785340300D266A6 /* ShopInfoCell.xib */; };
		71CF995A178536E200D266A6 /* picicon.png in Resources */ = {isa = PBXBuildFile; fileRef = 71CF9959178536E100D266A6 /* picicon.png */; };
		71CF995C1785375400D266A6 /* picicons.png in Resources */ = {isa = PBXBuildFile; fileRef = 71CF995B1785375300D266A6 /* picicons.png */; };
		71CF9962178555EE00D266A6 /* UseNETGetShopInfoDao.m in Sources */ = {isa = PBXBuildFile; fileRef = 71CF9961178555EE00D266A6 /* UseNETGetShopInfoDao.m */; };
		71CF99691785674B00D266A6 /* JSONKit.m in Sources */ = {isa = PBXBuildFile; fileRef = 71CF99681785674B00D266A6 /* JSONKit.m */; };
		71CF9971178652A100D266A6 /* blueArrow.png in Resources */ = {isa = PBXBuildFile; fileRef = 71CF996B178652A100D266A6 /* blueArrow.png */; };
		71CF9972178652A100D266A6 /* blueArrow@2x.png in Resources */ = {isa = PBXBuildFile; fileRef = 71CF996C178652A100D266A6 /* blueArrow@2x.png */; };
		71CF9973178652A100D266A6 /* blueArrowDown.png in Resources */ = {isa = PBXBuildFile; fileRef = 71CF996D178652A100D266A6 /* blueArrowDown.png */; };
		71CF9974178652A100D266A6 /* blueArrowDown@2x.png in Resources */ = {isa = PBXBuildFile; fileRef = 71CF996E178652A100D266A6 /* blueArrowDown@2x.png */; };
		71CF9975178652A100D266A6 /* PullingRefreshTableView.m in Sources */ = {isa = PBXBuildFile; fileRef = 71CF9970178652A100D266A6 /* PullingRefreshTableView.m */; };
		71CF99771786534800D266A6 /* QuartzCore.framework in Frameworks */ = {isa = PBXBuildFile; fileRef = 71CF99761786534800D266A6 /* QuartzCore.framework */; };
		71F75A0E178E9C5B00EF71FA /* p01.png in Resources */ = {isa = PBXBuildFile; fileRef = 71F75A0D178E9C5B00EF71FA /* p01.png */; };
		71F85F2C178E5B8B00DBB059 /* VRGCalendarView.m in Sources */ = {isa = PBXBuildFile; fileRef = 71F85F23178E5B8B00DBB059 /* VRGCalendarView.m */; };
		71F85F2D178E5B8B00DBB059 /* UIView+convenience.m in Sources */ = {isa = PBXBuildFile; fileRef = 71F85F25178E5B8B00DBB059 /* UIView+convenience.m */; };
		71F85F2E178E5B8B00DBB059 /* NSMutableArray+convenience.m in Sources */ = {isa = PBXBuildFile; fileRef = 71F85F27178E5B8B00DBB059 /* NSMutableArray+convenience.m */; };
		71F85F2F178E5B8B00DBB059 /* NSDate+convenience.m in Sources */ = {isa = PBXBuildFile; fileRef = 71F85F29178E5B8B00DBB059 /* NSDate+convenience.m */; };
		71F85F30178E5B8B00DBB059 /* UIColor+expanded.m in Sources */ = {isa = PBXBuildFile; fileRef = 71F85F2B178E5B8B00DBB059 /* UIColor+expanded.m */; };
		71F85F35178E5BA200DBB059 /* VRGViewController.m in Sources */ = {isa = PBXBuildFile; fileRef = 71F85F33178E5BA200DBB059 /* VRGViewController.m */; };
		71F85F36178E5BA200DBB059 /* VRGViewController.xib in Resources */ = {isa = PBXBuildFile; fileRef = 71F85F34178E5BA200DBB059 /* VRGViewController.xib */; };
		71F85F59178E935B00DBB059 /* EScrollerView.m in Sources */ = {isa = PBXBuildFile; fileRef = 71F85F58178E935B00DBB059 /* EScrollerView.m */; };
		71F85F61178E93AC00DBB059 /* EGOImageView.m in Sources */ = {isa = PBXBuildFile; fileRef = 71F85F60178E93AC00DBB059 /* EGOImageView.m */; };
		71F85F66178E93B500DBB059 /* EGOImageLoader.m in Sources */ = {isa = PBXBuildFile; fileRef = 71F85F63178E93B500DBB059 /* EGOImageLoader.m */; };
		71F85F67178E93B500DBB059 /* EGOImageLoadConnection.m in Sources */ = {isa = PBXBuildFile; fileRef = 71F85F65178E93B500DBB059 /* EGOImageLoadConnection.m */; };
		71F85F6A178E93BC00DBB059 /* EGOImageButton.m in Sources */ = {isa = PBXBuildFile; fileRef = 71F85F69178E93BC00DBB059 /* EGOImageButton.m */; };
		71F85F6D178E93C300DBB059 /* EGOCache.m in Sources */ = {isa = PBXBuildFile; fileRef = 71F85F6C178E93C300DBB059 /* EGOCache.m */; };
/* End PBXBuildFile section */

/* Begin PBXFileReference section */
		074FE5311793A888008FD732 /* JKCustomAlert.h */ = {isa = PBXFileReference; fileEncoding = 4; lastKnownFileType = sourcecode.c.h; path = JKCustomAlert.h; sourceTree = "<group>"; };
		074FE5321793A888008FD732 /* JKCustomAlert.m */ = {isa = PBXFileReference; fileEncoding = 4; lastKnownFileType = sourcecode.c.objc; path = JKCustomAlert.m; sourceTree = "<group>"; };
		07BFB2451793AC2800FE623A /* login.png */ = {isa = PBXFileReference; lastKnownFileType = image.png; path = login.png; sourceTree = "<group>"; };
		07BFB2461793AC2800FE623A /* login1.png */ = {isa = PBXFileReference; lastKnownFileType = image.png; path = login1.png; sourceTree = "<group>"; };
		07BFB2471793AC2800FE623A /* boxbg.png */ = {isa = PBXFileReference; lastKnownFileType = image.png; path = boxbg.png; sourceTree = "<group>"; };
		711414F2178EA0C600042DD2 /* ShopInfoAddViewController.h */ = {isa = PBXFileReference; fileEncoding = 4; lastKnownFileType = sourcecode.c.h; path = ShopInfoAddViewController.h; sourceTree = "<group>"; };
		711414F3178EA0C600042DD2 /* ShopInfoAddViewController.m */ = {isa = PBXFileReference; fileEncoding = 4; lastKnownFileType = sourcecode.c.objc; path = ShopInfoAddViewController.m; sourceTree = "<group>"; };
		711414F4178EA0C600042DD2 /* ShopInfoAddViewController.xib */ = {isa = PBXFileReference; fileEncoding = 4; lastKnownFileType = file.xib; path = ShopInfoAddViewController.xib; sourceTree = "<group>"; };
		711414F8178EA7D200042DD2 /* jhztbg01.png */ = {isa = PBXFileReference; lastKnownFileType = image.png; path = jhztbg01.png; sourceTree = "<group>"; };
		711414F9178EA7D200042DD2 /* jhztbg02.png */ = {isa = PBXFileReference; lastKnownFileType = image.png; path = jhztbg02.png; sourceTree = "<group>"; };
		711414FA178EA7D200042DD2 /* jhztbg03.png */ = {isa = PBXFileReference; lastKnownFileType = image.png; path = jhztbg03.png; sourceTree = "<group>"; };
		711C7BE5178FE05A0041FE3C /* MBAlertView.h */ = {isa = PBXFileReference; fileEncoding = 4; lastKnownFileType = sourcecode.c.h; path = MBAlertView.h; sourceTree = "<group>"; };
		711C7BE6178FE05A0041FE3C /* MBAlertView.m */ = {isa = PBXFileReference; fileEncoding = 4; lastKnownFileType = sourcecode.c.objc; path = MBAlertView.m; sourceTree = "<group>"; };
		711C7BE7178FE05A0041FE3C /* MBHUDView.h */ = {isa = PBXFileReference; fileEncoding = 4; lastKnownFileType = sourcecode.c.h; path = MBHUDView.h; sourceTree = "<group>"; };
		711C7BE8178FE05A0041FE3C /* MBHUDView.m */ = {isa = PBXFileReference; fileEncoding = 4; lastKnownFileType = sourcecode.c.objc; path = MBHUDView.m; sourceTree = "<group>"; };
		711C7BEC178FE07C0041FE3C /* NSString+Trim.h */ = {isa = PBXFileReference; fileEncoding = 4; lastKnownFileType = sourcecode.c.h; path = "NSString+Trim.h"; sourceTree = "<group>"; };
		711C7BED178FE07C0041FE3C /* NSString+Trim.m */ = {isa = PBXFileReference; fileEncoding = 4; lastKnownFileType = sourcecode.c.objc; path = "NSString+Trim.m"; sourceTree = "<group>"; };
		711C7BEE178FE07C0041FE3C /* UIFont+Alert.h */ = {isa = PBXFileReference; fileEncoding = 4; lastKnownFileType = sourcecode.c.h; path = "UIFont+Alert.h"; sourceTree = "<group>"; };
		711C7BEF178FE07C0041FE3C /* UIFont+Alert.m */ = {isa = PBXFileReference; fileEncoding = 4; lastKnownFileType = sourcecode.c.objc; path = "UIFont+Alert.m"; sourceTree = "<group>"; };
		711C7BF0178FE07C0041FE3C /* UIView+Animations.h */ = {isa = PBXFileReference; fileEncoding = 4; lastKnownFileType = sourcecode.c.h; path = "UIView+Animations.h"; sourceTree = "<group>"; };
		711C7BF1178FE07C0041FE3C /* UIView+Animations.m */ = {isa = PBXFileReference; fileEncoding = 4; lastKnownFileType = sourcecode.c.objc; path = "UIView+Animations.m"; sourceTree = "<group>"; };
		711C7BF6178FE08C0041FE3C /* AlertViewUI.h */ = {isa = PBXFileReference; fileEncoding = 4; lastKnownFileType = sourcecode.c.h; path = AlertViewUI.h; sourceTree = "<group>"; };
		711C7BF7178FE08C0041FE3C /* MBAlertViewButton.h */ = {isa = PBXFileReference; fileEncoding = 4; lastKnownFileType = sourcecode.c.h; path = MBAlertViewButton.h; sourceTree = "<group>"; };
		711C7BF8178FE08C0041FE3C /* MBAlertViewButton.m */ = {isa = PBXFileReference; fileEncoding = 4; lastKnownFileType = sourcecode.c.objc; path = MBAlertViewButton.m; sourceTree = "<group>"; };
		711C7BF9178FE08C0041FE3C /* MBCheckMarkView.h */ = {isa = PBXFileReference; fileEncoding = 4; lastKnownFileType = sourcecode.c.h; path = MBCheckMarkView.h; sourceTree = "<group>"; };
		711C7BFA178FE08C0041FE3C /* MBCheckMarkView.m */ = {isa = PBXFileReference; fileEncoding = 4; lastKnownFileType = sourcecode.c.objc; path = MBCheckMarkView.m; sourceTree = "<group>"; };
		711C7BFB178FE08C0041FE3C /* MBSpinningCircle.h */ = {isa = PBXFileReference; fileEncoding = 4; lastKnownFileType = sourcecode.c.h; path = MBSpinningCircle.h; sourceTree = "<group>"; };
		711C7BFC178FE08C0041FE3C /* MBSpinningCircle.m */ = {isa = PBXFileReference; fileEncoding = 4; lastKnownFileType = sourcecode.c.objc; path = MBSpinningCircle.m; sourceTree = "<group>"; };
		711C7C01178FE0A00041FE3C /* MBAlertViewItem.h */ = {isa = PBXFileReference; fileEncoding = 4; lastKnownFileType = sourcecode.c.h; path = MBAlertViewItem.h; sourceTree = "<group>"; };
		711C7C02178FE0A00041FE3C /* MBAlertViewItem.m */ = {isa = PBXFileReference; fileEncoding = 4; lastKnownFileType = sourcecode.c.objc; path = MBAlertViewItem.m; sourceTree = "<group>"; };
		711C7C03178FE0A00041FE3C /* MBAlertViewSubclass.h */ = {isa = PBXFileReference; fileEncoding = 4; lastKnownFileType = sourcecode.c.h; path = MBAlertViewSubclass.h; sourceTree = "<group>"; };
		7150B3EE178FA6AE00733608 /* UIButton+Badge.h */ = {isa = PBXFileReference; fileEncoding = 4; lastKnownFileType = sourcecode.c.h; path = "UIButton+Badge.h"; sourceTree = "<group>"; };
		7150B3EF178FA6AE00733608 /* UIButton+Badge.m */ = {isa = PBXFileReference; fileEncoding = 4; lastKnownFileType = sourcecode.c.objc; path = "UIButton+Badge.m"; sourceTree = "<group>"; };
		7150B3F1178FA6BB00733608 /* CustomAlertView.h */ = {isa = PBXFileReference; fileEncoding = 4; lastKnownFileType = sourcecode.c.h; path = CustomAlertView.h; sourceTree = "<group>"; };
		7150B3F2178FA6BB00733608 /* CustomAlertView.m */ = {isa = PBXFileReference; fileEncoding = 4; lastKnownFileType = sourcecode.c.objc; path = CustomAlertView.m; sourceTree = "<group>"; };
		7150B3F5178FA6DB00733608 /* cancel.png */ = {isa = PBXFileReference; lastKnownFileType = image.png; path = cancel.png; sourceTree = "<group>"; };
		7150B3F6178FA6DB00733608 /* alert-window.png */ = {isa = PBXFileReference; lastKnownFileType = image.png; path = "alert-window.png"; sourceTree = "<group>"; };
		7150B3F7178FA6DB00733608 /* alert-window@2x.png */ = {isa = PBXFileReference; lastKnownFileType = image.png; path = "alert-window@2x.png"; sourceTree = "<group>"; };
		7150B3F8178FA6DB00733608 /* camera_mode.png */ = {isa = PBXFileReference; lastKnownFileType = image.png; path = camera_mode.png; sourceTree = "<group>"; };
		7150B3F9178FA6DB00733608 /* camera_icon.png */ = {isa = PBXFileReference; lastKnownFileType = image.png; path = camera_icon.png; sourceTree = "<group>"; };
		7150B3FA178FA6DB00733608 /* camera_set.png */ = {isa = PBXFileReference; lastKnownFileType = image.png; path = camera_set.png; sourceTree = "<group>"; };
		7150B3FB178FA6DB00733608 /* camera_flash_auto.png */ = {isa = PBXFileReference; lastKnownFileType = image.png; path = camera_flash_auto.png; sourceTree = "<group>"; };
		7150B3FC178FA6DB00733608 /* camera_flash_off.png */ = {isa = PBXFileReference; lastKnownFileType = image.png; path = camera_flash_off.png; sourceTree = "<group>"; };
		7150B3FD178FA6DB00733608 /* camera_flash_on.png */ = {isa = PBXFileReference; lastKnownFileType = image.png; path = camera_flash_on.png; sourceTree = "<group>"; };
		7184BA4E1786C49000CE38F3 /* ShopInfoEntity.h */ = {isa = PBXFileReference; fileEncoding = 4; lastKnownFileType = sourcecode.c.h; path = ShopInfoEntity.h; sourceTree = "<group>"; };
		7184BA4F1786C49100CE38F3 /* ShopInfoEntity.m */ = {isa = PBXFileReference; fileEncoding = 4; lastKnownFileType = sourcecode.c.objc; path = ShopInfoEntity.m; sourceTree = "<group>"; };
		7184BA511786C5A000CE38F3 /* ShopInfoFKViewController.h */ = {isa = PBXFileReference; fileEncoding = 4; lastKnownFileType = sourcecode.c.h; path = ShopInfoFKViewController.h; sourceTree = "<group>"; };
		7184BA521786C5A000CE38F3 /* ShopInfoFKViewController.m */ = {isa = PBXFileReference; fileEncoding = 4; lastKnownFileType = sourcecode.c.objc; path = ShopInfoFKViewController.m; sourceTree = "<group>"; };
		7184BA531786C5A000CE38F3 /* ShopInfoFKViewController.xib */ = {isa = PBXFileReference; fileEncoding = 4; lastKnownFileType = file.xib; path = ShopInfoFKViewController.xib; sourceTree = "<group>"; };
		7184BAE5178A889A00CE38F3 /* a.png */ = {isa = PBXFileReference; lastKnownFileType = image.png; path = a.png; sourceTree = "<group>"; };
		7184BAE6178A889A00CE38F3 /* d.png */ = {isa = PBXFileReference; lastKnownFileType = image.png; path = d.png; sourceTree = "<group>"; };
		71C305791783CFAB001A09AF /* YYWS.app */ = {isa = PBXFileReference; explicitFileType = wrapper.application; includeInIndex = 0; path = YYWS.app; sourceTree = BUILT_PRODUCTS_DIR; };
		71C3057C1783CFAB001A09AF /* UIKit.framework */ = {isa = PBXFileReference; lastKnownFileType = wrapper.framework; name = UIKit.framework; path = System/Library/Frameworks/UIKit.framework; sourceTree = SDKROOT; };
		71C3057E1783CFAB001A09AF /* Foundation.framework */ = {isa = PBXFileReference; lastKnownFileType = wrapper.framework; name = Foundation.framework; path = System/Library/Frameworks/Foundation.framework; sourceTree = SDKROOT; };
		71C305801783CFAB001A09AF /* CoreGraphics.framework */ = {isa = PBXFileReference; lastKnownFileType = wrapper.framework; name = CoreGraphics.framework; path = System/Library/Frameworks/CoreGraphics.framework; sourceTree = SDKROOT; };
		71C305841783CFAB001A09AF /* YYWS-Info.plist */ = {isa = PBXFileReference; lastKnownFileType = text.plist.xml; path = "YYWS-Info.plist"; sourceTree = "<group>"; };
		71C305861783CFAB001A09AF /* en */ = {isa = PBXFileReference; lastKnownFileType = text.plist.strings; name = en; path = en.lproj/InfoPlist.strings; sourceTree = "<group>"; };
		71C305881783CFAB001A09AF /* main.m */ = {isa = PBXFileReference; lastKnownFileType = sourcecode.c.objc; path = main.m; sourceTree = "<group>"; };
		71C3058A1783CFAB001A09AF /* YYWS-Prefix.pch */ = {isa = PBXFileReference; lastKnownFileType = sourcecode.c.h; path = "YYWS-Prefix.pch"; sourceTree = "<group>"; };
		71C3058B1783CFAB001A09AF /* AppDelegate.h */ = {isa = PBXFileReference; lastKnownFileType = sourcecode.c.h; path = AppDelegate.h; sourceTree = "<group>"; };
		71C3058C1783CFAB001A09AF /* AppDelegate.m */ = {isa = PBXFileReference; lastKnownFileType = sourcecode.c.objc; path = AppDelegate.m; sourceTree = "<group>"; };
		71C3058E1783CFAB001A09AF /* Default.png */ = {isa = PBXFileReference; lastKnownFileType = image.png; path = Default.png; sourceTree = "<group>"; };
		71C305901783CFAB001A09AF /* Default@2x.png */ = {isa = PBXFileReference; lastKnownFileType = image.png; path = "Default@2x.png"; sourceTree = "<group>"; };
		71C305921783CFAB001A09AF /* Default-568h@2x.png */ = {isa = PBXFileReference; lastKnownFileType = image.png; path = "Default-568h@2x.png"; sourceTree = "<group>"; };
		71C305941783CFAB001A09AF /* ViewController.h */ = {isa = PBXFileReference; lastKnownFileType = sourcecode.c.h; path = ViewController.h; sourceTree = "<group>"; };
		71C305951783CFAB001A09AF /* ViewController.m */ = {isa = PBXFileReference; lastKnownFileType = sourcecode.c.objc; path = ViewController.m; sourceTree = "<group>"; };
		71C305981783CFAB001A09AF /* en */ = {isa = PBXFileReference; lastKnownFileType = file.xib; name = en; path = en.lproj/ViewController_iPhone.xib; sourceTree = "<group>"; };
		71C3059B1783CFAB001A09AF /* en */ = {isa = PBXFileReference; lastKnownFileType = file.xib; name = en; path = en.lproj/ViewController_iPad.xib; sourceTree = "<group>"; };
		71C305A41783EA13001A09AF /* iphonemobile_r8_c2.png */ = {isa = PBXFileReference; lastKnownFileType = image.png; path = iphonemobile_r8_c2.png; sourceTree = "<group>"; };
		71C305A51783EA13001A09AF /* iphonemobile_r8_c8.png */ = {isa = PBXFileReference; lastKnownFileType = image.png; path = iphonemobile_r8_c8.png; sourceTree = "<group>"; };
		71C305A61783EA13001A09AF /* iphonemobile_r8_c4.png */ = {isa = PBXFileReference; lastKnownFileType = image.png; path = iphonemobile_r8_c4.png; sourceTree = "<group>"; };
		71C305AA1783EABA001A09AF /* cxdt.png */ = {isa = PBXFileReference; lastKnownFileType = image.png; path = cxdt.png; sourceTree = "<group>"; };
		71C305AB1783EABA001A09AF /* rcgz.png */ = {isa = PBXFileReference; lastKnownFileType = image.png; path = rcgz.png; sourceTree = "<group>"; };
		71C305AC1783EABA001A09AF /* mobile_r4_c6.png */ = {isa = PBXFileReference; lastKnownFileType = image.png; path = mobile_r4_c6.png; sourceTree = "<group>"; };
		71C305AD1783EABA001A09AF /* hjgl.png */ = {isa = PBXFileReference; lastKnownFileType = image.png; path = hjgl.png; sourceTree = "<group>"; };
		71CF988B1783F53800D266A6 /* TPKeyboardAvoidingTableView.h */ = {isa = PBXFileReference; fileEncoding = 4; lastKnownFileType = sourcecode.c.h; path = TPKeyboardAvoidingTableView.h; sourceTree = "<group>"; };
		71CF988C1783F53800D266A6 /* TPKeyboardAvoidingTableView.m */ = {isa = PBXFileReference; fileEncoding = 4; lastKnownFileType = sourcecode.c.objc; path = TPKeyboardAvoidingTableView.m; sourceTree = "<group>"; };
		71CF988D1783F53800D266A6 /* TPKeyboardAvoidingScrollView.h */ = {isa = PBXFileReference; fileEncoding = 4; lastKnownFileType = sourcecode.c.h; path = TPKeyboardAvoidingScrollView.h; sourceTree = "<group>"; };
		71CF988E1783F53800D266A6 /* TPKeyboardAvoidingScrollView.m */ = {isa = PBXFileReference; fileEncoding = 4; lastKnownFileType = sourcecode.c.objc; path = TPKeyboardAvoidingScrollView.m; sourceTree = "<group>"; };
		71CF988F1783F53800D266A6 /* TPKeyboardAvoidingSampleAppDelegate.h */ = {isa = PBXFileReference; fileEncoding = 4; lastKnownFileType = sourcecode.c.h; path = TPKeyboardAvoidingSampleAppDelegate.h; sourceTree = "<group>"; };
		71CF98901783F53800D266A6 /* TPKeyboardAvoidingSampleAppDelegate.m */ = {isa = PBXFileReference; fileEncoding = 4; lastKnownFileType = sourcecode.c.objc; path = TPKeyboardAvoidingSampleAppDelegate.m; sourceTree = "<group>"; };
		71CF98911783F53800D266A6 /* WXHLGlobalUICommon.h */ = {isa = PBXFileReference; fileEncoding = 4; lastKnownFileType = sourcecode.c.h; path = WXHLGlobalUICommon.h; sourceTree = "<group>"; };
		71CF98921783F53800D266A6 /* WXHLGlobalUICommon.m */ = {isa = PBXFileReference; fileEncoding = 4; lastKnownFileType = sourcecode.c.objc; path = WXHLGlobalUICommon.m; sourceTree = "<group>"; };
		71CF98981783F54B00D266A6 /* CSqlite.h */ = {isa = PBXFileReference; fileEncoding = 4; lastKnownFileType = sourcecode.c.h; path = CSqlite.h; sourceTree = "<group>"; };
		71CF98991783F54B00D266A6 /* CSqlite.m */ = {isa = PBXFileReference; fileEncoding = 4; lastKnownFileType = sourcecode.c.objc; path = CSqlite.m; sourceTree = "<group>"; };
		71CF989A1783F54B00D266A6 /* sqlite3ext.h */ = {isa = PBXFileReference; fileEncoding = 4; lastKnownFileType = sourcecode.c.h; path = sqlite3ext.h; sourceTree = "<group>"; };
		71CF989B1783F54B00D266A6 /* sqlite3.h */ = {isa = PBXFileReference; fileEncoding = 4; lastKnownFileType = sourcecode.c.h; path = sqlite3.h; sourceTree = "<group>"; };
		71CF989C1783F54B00D266A6 /* gps.db */ = {isa = PBXFileReference; lastKnownFileType = file; path = gps.db; sourceTree = "<group>"; };
		71CF98A01783F56600D266A6 /* AppHelper.h */ = {isa = PBXFileReference; fileEncoding = 4; lastKnownFileType = sourcecode.c.h; path = AppHelper.h; sourceTree = "<group>"; };
		71CF98A11783F56600D266A6 /* AppHelper.m */ = {isa = PBXFileReference; fileEncoding = 4; lastKnownFileType = sourcecode.c.objc; path = AppHelper.m; sourceTree = "<group>"; };
		71CF98A61783F59700D266A6 /* WebServices.h */ = {isa = PBXFileReference; fileEncoding = 4; lastKnownFileType = sourcecode.c.h; path = WebServices.h; sourceTree = "<group>"; };
		71CF98A71783F59700D266A6 /* WebServices.m */ = {isa = PBXFileReference; fileEncoding = 4; lastKnownFileType = sourcecode.c.objc; path = WebServices.m; sourceTree = "<group>"; };
		71CF98A81783F59700D266A6 /* ServiceHelper.h */ = {isa = PBXFileReference; fileEncoding = 4; lastKnownFileType = sourcecode.c.h; path = ServiceHelper.h; sourceTree = "<group>"; };
		71CF98A91783F59700D266A6 /* ServiceHelper.m */ = {isa = PBXFileReference; fileEncoding = 4; lastKnownFileType = sourcecode.c.objc; path = ServiceHelper.m; sourceTree = "<group>"; };
		71CF98AA1783F59700D266A6 /* AppConfigure.h */ = {isa = PBXFileReference; fileEncoding = 4; lastKnownFileType = sourcecode.c.h; path = AppConfigure.h; sourceTree = "<group>"; };
		71CF98AD1783F5A200D266A6 /* ASINetworkQueue.h */ = {isa = PBXFileReference; fileEncoding = 4; lastKnownFileType = sourcecode.c.h; path = ASINetworkQueue.h; sourceTree = "<group>"; };
		71CF98AE1783F5A200D266A6 /* ASINetworkQueue.m */ = {isa = PBXFileReference; fileEncoding = 4; lastKnownFileType = sourcecode.c.objc; path = ASINetworkQueue.m; sourceTree = "<group>"; };
		71CF98AF1783F5A200D266A6 /* ASIDataDecompressor.h */ = {isa = PBXFileReference; fileEncoding = 4; lastKnownFileType = sourcecode.c.h; path = ASIDataDecompressor.h; sourceTree = "<group>"; };
		71CF98B01783F5A200D266A6 /* ASIDataDecompressor.m */ = {isa = PBXFileReference; fileEncoding = 4; lastKnownFileType = sourcecode.c.objc; path = ASIDataDecompressor.m; sourceTree = "<group>"; };
		71CF98B11783F5A200D266A6 /* ASIDataCompressor.h */ = {isa = PBXFileReference; fileEncoding = 4; lastKnownFileType = sourcecode.c.h; path = ASIDataCompressor.h; sourceTree = "<group>"; };
		71CF98B21783F5A200D266A6 /* ASIDataCompressor.m */ = {isa = PBXFileReference; fileEncoding = 4; lastKnownFileType = sourcecode.c.objc; path = ASIDataCompressor.m; sourceTree = "<group>"; };
		71CF98B31783F5A200D266A6 /* ASIInputStream.h */ = {isa = PBXFileReference; fileEncoding = 4; lastKnownFileType = sourcecode.c.h; path = ASIInputStream.h; sourceTree = "<group>"; };
		71CF98B41783F5A200D266A6 /* ASIInputStream.m */ = {isa = PBXFileReference; fileEncoding = 4; lastKnownFileType = sourcecode.c.objc; path = ASIInputStream.m; sourceTree = "<group>"; };
		71CF98B51783F5A200D266A6 /* ASIAuthenticationDialog.h */ = {isa = PBXFileReference; fileEncoding = 4; lastKnownFileType = sourcecode.c.h; path = ASIAuthenticationDialog.h; sourceTree = "<group>"; };
		71CF98B61783F5A200D266A6 /* ASIAuthenticationDialog.m */ = {isa = PBXFileReference; fileEncoding = 4; lastKnownFileType = sourcecode.c.objc; path = ASIAuthenticationDialog.m; sourceTree = "<group>"; };
		71CF98B71783F5A200D266A6 /* ASICacheDelegate.h */ = {isa = PBXFileReference; fileEncoding = 4; lastKnownFileType = sourcecode.c.h; path = ASICacheDelegate.h; sourceTree = "<group>"; };
		71CF98B81783F5A200D266A6 /* ASIProgressDelegate.h */ = {isa = PBXFileReference; fileEncoding = 4; lastKnownFileType = sourcecode.c.h; path = ASIProgressDelegate.h; sourceTree = "<group>"; };
		71CF98B91783F5A200D266A6 /* ASIHTTPRequestDelegate.h */ = {isa = PBXFileReference; fileEncoding = 4; lastKnownFileType = sourcecode.c.h; path = ASIHTTPRequestDelegate.h; sourceTree = "<group>"; };
		71CF98BA1783F5A200D266A6 /* ASIHTTPRequestConfig.h */ = {isa = PBXFileReference; fileEncoding = 4; lastKnownFileType = sourcecode.c.h; path = ASIHTTPRequestConfig.h; sourceTree = "<group>"; };
		71CF98BB1783F5A200D266A6 /* ASIHTTPRequest.h */ = {isa = PBXFileReference; fileEncoding = 4; lastKnownFileType = sourcecode.c.h; path = ASIHTTPRequest.h; sourceTree = "<group>"; };
		71CF98BC1783F5A200D266A6 /* ASIHTTPRequest.m */ = {isa = PBXFileReference; fileEncoding = 4; lastKnownFileType = sourcecode.c.objc; path = ASIHTTPRequest.m; sourceTree = "<group>"; };
		71CF98C31783F5AF00D266A6 /* Reachability.h */ = {isa = PBXFileReference; fileEncoding = 4; lastKnownFileType = sourcecode.c.h; path = Reachability.h; sourceTree = "<group>"; };
		71CF98C41783F5AF00D266A6 /* Reachability.m */ = {isa = PBXFileReference; fileEncoding = 4; lastKnownFileType = sourcecode.c.objc; path = Reachability.m; sourceTree = "<group>"; };
		71CF98C71783F5DC00D266A6 /* GDataXMLNode.h */ = {isa = PBXFileReference; fileEncoding = 4; lastKnownFileType = sourcecode.c.h; path = GDataXMLNode.h; sourceTree = "<group>"; };
		71CF98C81783F5DC00D266A6 /* GDataXMLNode.m */ = {isa = PBXFileReference; fileEncoding = 4; lastKnownFileType = sourcecode.c.objc; path = GDataXMLNode.m; sourceTree = "<group>"; };
		71CF98C91783F5DC00D266A6 /* GDataDefines.h */ = {isa = PBXFileReference; fileEncoding = 4; lastKnownFileType = sourcecode.c.h; path = GDataDefines.h; sourceTree = "<group>"; };
		71CF98CA1783F5DC00D266A6 /* GDataTargetNamespace.h */ = {isa = PBXFileReference; fileEncoding = 4; lastKnownFileType = sourcecode.c.h; path = GDataTargetNamespace.h; sourceTree = "<group>"; };
		71CF98CB1783F5DC00D266A6 /* SoapXmlParseHelper.h */ = {isa = PBXFileReference; fileEncoding = 4; lastKnownFileType = sourcecode.c.h; path = SoapXmlParseHelper.h; sourceTree = "<group>"; };
		71CF98CC1783F5DC00D266A6 /* SoapXmlParseHelper.m */ = {isa = PBXFileReference; fileEncoding = 4; lastKnownFileType = sourcecode.c.objc; path = SoapXmlParseHelper.m; sourceTree = "<group>"; };
		71CF98D01783F5F100D266A6 /* SoapHelper.h */ = {isa = PBXFileReference; fileEncoding = 4; lastKnownFileType = sourcecode.c.h; path = SoapHelper.h; sourceTree = "<group>"; };
		71CF98D11783F5F100D266A6 /* SoapHelper.m */ = {isa = PBXFileReference; fileEncoding = 4; lastKnownFileType = sourcecode.c.objc; path = SoapHelper.m; sourceTree = "<group>"; };
		71CF98D41783F62000D266A6 /* MBProgressHUD.h */ = {isa = PBXFileReference; fileEncoding = 4; lastKnownFileType = sourcecode.c.h; path = MBProgressHUD.h; sourceTree = "<group>"; };
		71CF98D51783F62000D266A6 /* MBProgressHUD.m */ = {isa = PBXFileReference; fileEncoding = 4; lastKnownFileType = sourcecode.c.objc; path = MBProgressHUD.m; sourceTree = "<group>"; };
		71CF98D71783F65900D266A6 /* libsqlite3.0.dylib */ = {isa = PBXFileReference; lastKnownFileType = "compiled.mach-o.dylib"; name = libsqlite3.0.dylib; path = usr/lib/libsqlite3.0.dylib; sourceTree = SDKROOT; };
		71CF98D91783F66200D266A6 /* libz.1.2.5.dylib */ = {isa = PBXFileReference; lastKnownFileType = "compiled.mach-o.dylib"; name = libz.1.2.5.dylib; path = usr/lib/libz.1.2.5.dylib; sourceTree = SDKROOT; };
		71CF98DB1783F66E00D266A6 /* libxml2.dylib */ = {isa = PBXFileReference; lastKnownFileType = "compiled.mach-o.dylib"; name = libxml2.dylib; path = usr/lib/libxml2.dylib; sourceTree = SDKROOT; };
		71CF98DD1783F67B00D266A6 /* MapKit.framework */ = {isa = PBXFileReference; lastKnownFileType = wrapper.framework; name = MapKit.framework; path = System/Library/Frameworks/MapKit.framework; sourceTree = SDKROOT; };
		71CF98DF1783F68400D266A6 /* CoreLocation.framework */ = {isa = PBXFileReference; lastKnownFileType = wrapper.framework; name = CoreLocation.framework; path = System/Library/Frameworks/CoreLocation.framework; sourceTree = SDKROOT; };
		71CF98E11783F69100D266A6 /* SystemConfiguration.framework */ = {isa = PBXFileReference; lastKnownFileType = wrapper.framework; name = SystemConfiguration.framework; path = System/Library/Frameworks/SystemConfiguration.framework; sourceTree = SDKROOT; };
		71CF98E31783F69A00D266A6 /* MobileCoreServices.framework */ = {isa = PBXFileReference; lastKnownFileType = wrapper.framework; name = MobileCoreServices.framework; path = System/Library/Frameworks/MobileCoreServices.framework; sourceTree = SDKROOT; };
		71CF98E51783F6B200D266A6 /* CFNetwork.framework */ = {isa = PBXFileReference; lastKnownFileType = wrapper.framework; name = CFNetwork.framework; path = System/Library/Frameworks/CFNetwork.framework; sourceTree = SDKROOT; };
		71CF98F4178410B900D266A6 /* LoginViewController.h */ = {isa = PBXFileReference; fileEncoding = 4; lastKnownFileType = sourcecode.c.h; path = LoginViewController.h; sourceTree = "<group>"; };
		71CF98F5178410B900D266A6 /* LoginViewController.m */ = {isa = PBXFileReference; fileEncoding = 4; lastKnownFileType = sourcecode.c.objc; path = LoginViewController.m; sourceTree = "<group>"; };
		71CF98F6178410B900D266A6 /* LoginViewController.xib */ = {isa = PBXFileReference; fileEncoding = 4; lastKnownFileType = file.xib; path = LoginViewController.xib; sourceTree = "<group>"; };
		71CF98FC178413AF00D266A6 /* DateSynViewController.h */ = {isa = PBXFileReference; fileEncoding = 4; lastKnownFileType = sourcecode.c.h; path = DateSynViewController.h; sourceTree = "<group>"; };
		71CF98FD178413AF00D266A6 /* DateSynViewController.m */ = {isa = PBXFileReference; fileEncoding = 4; lastKnownFileType = sourcecode.c.objc; path = DateSynViewController.m; sourceTree = "<group>"; };
		71CF98FE178413AF00D266A6 /* DateSynViewController.xib */ = {isa = PBXFileReference; fileEncoding = 4; lastKnownFileType = file.xib; path = DateSynViewController.xib; sourceTree = "<group>"; };
		71CF9901178413BE00D266A6 /* SystemSetViewController.h */ = {isa = PBXFileReference; fileEncoding = 4; lastKnownFileType = sourcecode.c.h; path = SystemSetViewController.h; sourceTree = "<group>"; };
		71CF9902178413BE00D266A6 /* SystemSetViewController.m */ = {isa = PBXFileReference; fileEncoding = 4; lastKnownFileType = sourcecode.c.objc; path = SystemSetViewController.m; sourceTree = "<group>"; };
		71CF9903178413BE00D266A6 /* SystemSetViewController.xib */ = {isa = PBXFileReference; fileEncoding = 4; lastKnownFileType = file.xib; path = SystemSetViewController.xib; sourceTree = "<group>"; };
		71CF9906178413D600D266A6 /* VersionInfoViewController.h */ = {isa = PBXFileReference; fileEncoding = 4; lastKnownFileType = sourcecode.c.h; path = VersionInfoViewController.h; sourceTree = "<group>"; };
		71CF9907178413D600D266A6 /* VersionInfoViewController.m */ = {isa = PBXFileReference; fileEncoding = 4; lastKnownFileType = sourcecode.c.objc; path = VersionInfoViewController.m; sourceTree = "<group>"; };
		71CF9908178413D600D266A6 /* VersionInfoViewController.xib */ = {isa = PBXFileReference; fileEncoding = 4; lastKnownFileType = file.xib; path = VersionInfoViewController.xib; sourceTree = "<group>"; };
		71CF990B1784144F00D266A6 /* Readme_For_ShuaiYin.txt */ = {isa = PBXFileReference; fileEncoding = 4; lastKnownFileType = text; path = Readme_For_ShuaiYin.txt; sourceTree = "<group>"; };
		71CF990D1784149500D266A6 /* Readme_For_LvLei.txt */ = {isa = PBXFileReference; fileEncoding = 4; lastKnownFileType = text; path = Readme_For_LvLei.txt; sourceTree = "<group>"; };
		71CF99111784184800D266A6 /* versionimg.png */ = {isa = PBXFileReference; lastKnownFileType = image.png; path = versionimg.png; sourceTree = "<group>"; };
		71CF991317841B1900D266A6 /* bodybgs.png */ = {isa = PBXFileReference; lastKnownFileType = image.png; path = bodybgs.png; sourceTree = "<group>"; };
		71CF991617841F7E00D266A6 /* DayWorkViewController.h */ = {isa = PBXFileReference; fileEncoding = 4; lastKnownFileType = sourcecode.c.h; path = DayWorkViewController.h; sourceTree = "<group>"; };
		71CF991717841F7E00D266A6 /* DayWorkViewController.m */ = {isa = PBXFileReference; fileEncoding = 4; lastKnownFileType = sourcecode.c.objc; path = DayWorkViewController.m; sourceTree = "<group>"; };
		71CF991817841F7E00D266A6 /* DayWorkViewController.xib */ = {isa = PBXFileReference; fileEncoding = 4; lastKnownFileType = file.xib; path = DayWorkViewController.xib; sourceTree = "<group>"; };
		71CF991C178420FF00D266A6 /* icon101.png */ = {isa = PBXFileReference; lastKnownFileType = image.png; path = icon101.png; sourceTree = "<group>"; };
		71CF991D178420FF00D266A6 /* icon102.png */ = {isa = PBXFileReference; lastKnownFileType = image.png; path = icon102.png; sourceTree = "<group>"; };
		71CF991E178420FF00D266A6 /* icon103.png */ = {isa = PBXFileReference; lastKnownFileType = image.png; path = icon103.png; sourceTree = "<group>"; };
		71CF991F178420FF00D266A6 /* icon104.png */ = {isa = PBXFileReference; lastKnownFileType = image.png; path = icon104.png; sourceTree = "<group>"; };
		71CF9920178420FF00D266A6 /* icon105.png */ = {isa = PBXFileReference; lastKnownFileType = image.png; path = icon105.png; sourceTree = "<group>"; };
		71CF9921178420FF00D266A6 /* icon401.png */ = {isa = PBXFileReference; lastKnownFileType = image.png; path = icon401.png; sourceTree = "<group>"; };
		71CF99291785070F00D266A6 /* ShopInfoViewController.h */ = {isa = PBXFileReference; fileEncoding = 4; lastKnownFileType = sourcecode.c.h; path = ShopInfoViewController.h; sourceTree = "<group>"; };
		71CF992A1785070F00D266A6 /* ShopInfoViewController.m */ = {isa = PBXFileReference; fileEncoding = 4; lastKnownFileType = sourcecode.c.objc; path = ShopInfoViewController.m; sourceTree = "<group>"; };
		71CF992B1785070F00D266A6 /* ShopInfoViewController.xib */ = {isa = PBXFileReference; fileEncoding = 4; lastKnownFileType = file.xib; path = ShopInfoViewController.xib; sourceTree = "<group>"; };
		71CF993117850E6300D266A6 /* toolsbga.png */ = {isa = PBXFileReference; lastKnownFileType = image.png; path = toolsbga.png; sourceTree = "<group>"; };
		71CF993217850E6300D266A6 /* toolsbgb_click.png */ = {isa = PBXFileReference; lastKnownFileType = image.png; path = toolsbgb_click.png; sourceTree = "<group>"; };
		71CF993317850E6300D266A6 /* toolsbgb.png */ = {isa = PBXFileReference; lastKnownFileType = image.png; path = toolsbgb.png; sourceTree = "<group>"; };
		71CF993717850FA200D266A6 /* selecttoolnones.png */ = {isa = PBXFileReference; lastKnownFileType = image.png; path = selecttoolnones.png; sourceTree = "<group>"; };
		71CF993817850FA300D266A6 /* selecttoolnone.png */ = {isa = PBXFileReference; lastKnownFileType = image.png; path = selecttoolnone.png; sourceTree = "<group>"; };
		71CF993B1785107800D266A6 /* buttonbg_01.png */ = {isa = PBXFileReference; lastKnownFileType = image.png; path = buttonbg_01.png; sourceTree = "<group>"; };
		71CF993C1785107800D266A6 /* buttonbg_02.png */ = {isa = PBXFileReference; lastKnownFileType = image.png; path = buttonbg_02.png; sourceTree = "<group>"; };
		71CF9940178516E800D266A6 /* TTUITableViewZoomController.h */ = {isa = PBXFileReference; fileEncoding = 4; lastKnownFileType = sourcecode.c.h; path = TTUITableViewZoomController.h; sourceTree = "<group>"; };
		71CF9941178516E800D266A6 /* TTUITableViewZoomController.m */ = {isa = PBXFileReference; fileEncoding = 4; lastKnownFileType = sourcecode.c.objc; path = TTUITableViewZoomController.m; sourceTree = "<group>"; };
		71CF994417851BCD00D266A6 /* FancyCellView.xib */ = {isa = PBXFileReference; fileEncoding = 4; lastKnownFileType = file.xib; path = FancyCellView.xib; sourceTree = "<group>"; };
		71CF994617851BDE00D266A6 /* about-tomthorpelogo.png */ = {isa = PBXFileReference; lastKnownFileType = image.png; path = "about-tomthorpelogo.png"; sourceTree = "<group>"; };
		71CF994817851C0E00D266A6 /* DIYTableViewController.h */ = {isa = PBXFileReference; fileEncoding = 4; lastKnownFileType = sourcecode.c.h; path = DIYTableViewController.h; sourceTree = "<group>"; };
		71CF994917851C0E00D266A6 /* DIYTableViewController.m */ = {isa = PBXFileReference; fileEncoding = 4; lastKnownFileType = sourcecode.c.objc; path = DIYTableViewController.m; sourceTree = "<group>"; };
		71CF994D17851C9300D266A6 /* DIYTableViewController.xib */ = {isa = PBXFileReference; fileEncoding = 4; lastKnownFileType = file.xib; path = DIYTableViewController.xib; sourceTree = "<group>"; };
		71CF994F1785213400D266A6 /* TabThreeViewController.h */ = {isa = PBXFileReference; fileEncoding = 4; lastKnownFileType = sourcecode.c.h; path = TabThreeViewController.h; sourceTree = "<group>"; };
		71CF99501785213400D266A6 /* TabThreeViewController.m */ = {isa = PBXFileReference; fileEncoding = 4; lastKnownFileType = sourcecode.c.objc; path = TabThreeViewController.m; sourceTree = "<group>"; };
		71CF99511785213500D266A6 /* TabThreeViewController.xib */ = {isa = PBXFileReference; fileEncoding = 4; lastKnownFileType = file.xib; path = TabThreeViewController.xib; sourceTree = "<group>"; };
		71CF9954178533DD00D266A6 /* ShopInfoCell.h */ = {isa = PBXFileReference; fileEncoding = 4; lastKnownFileType = sourcecode.c.h; path = ShopInfoCell.h; sourceTree = "<group>"; };
		71CF9955178533DD00D266A6 /* ShopInfoCell.m */ = {isa = PBXFileReference; fileEncoding = 4; lastKnownFileType = sourcecode.c.objc; path = ShopInfoCell.m; sourceTree = "<group>"; };
		71CF99571785340300D266A6 /* ShopInfoCell.xib */ = {isa = PBXFileReference; fileEncoding = 4; lastKnownFileType = file.xib; path = ShopInfoCell.xib; sourceTree = "<group>"; };
		71CF9959178536E100D266A6 /* picicon.png */ = {isa = PBXFileReference; lastKnownFileType = image.png; path = picicon.png; sourceTree = "<group>"; };
		71CF995B1785375300D266A6 /* picicons.png */ = {isa = PBXFileReference; lastKnownFileType = image.png; path = picicons.png; sourceTree = "<group>"; };
		71CF9960178555EE00D266A6 /* UseNETGetShopInfoDao.h */ = {isa = PBXFileReference; fileEncoding = 4; lastKnownFileType = sourcecode.c.h; path = UseNETGetShopInfoDao.h; sourceTree = "<group>"; };
		71CF9961178555EE00D266A6 /* UseNETGetShopInfoDao.m */ = {isa = PBXFileReference; fileEncoding = 4; lastKnownFileType = sourcecode.c.objc; path = UseNETGetShopInfoDao.m; sourceTree = "<group>"; };
		71CF99671785674B00D266A6 /* JSONKit.h */ = {isa = PBXFileReference; fileEncoding = 4; lastKnownFileType = sourcecode.c.h; path = JSONKit.h; sourceTree = "<group>"; };
		71CF99681785674B00D266A6 /* JSONKit.m */ = {isa = PBXFileReference; fileEncoding = 4; lastKnownFileType = sourcecode.c.objc; path = JSONKit.m; sourceTree = "<group>"; };
		71CF996B178652A100D266A6 /* blueArrow.png */ = {isa = PBXFileReference; lastKnownFileType = image.png; path = blueArrow.png; sourceTree = "<group>"; };
		71CF996C178652A100D266A6 /* blueArrow@2x.png */ = {isa = PBXFileReference; lastKnownFileType = image.png; path = "blueArrow@2x.png"; sourceTree = "<group>"; };
		71CF996D178652A100D266A6 /* blueArrowDown.png */ = {isa = PBXFileReference; lastKnownFileType = image.png; path = blueArrowDown.png; sourceTree = "<group>"; };
		71CF996E178652A100D266A6 /* blueArrowDown@2x.png */ = {isa = PBXFileReference; lastKnownFileType = image.png; path = "blueArrowDown@2x.png"; sourceTree = "<group>"; };
		71CF996F178652A100D266A6 /* PullingRefreshTableView.h */ = {isa = PBXFileReference; fileEncoding = 4; lastKnownFileType = sourcecode.c.h; path = PullingRefreshTableView.h; sourceTree = "<group>"; };
		71CF9970178652A100D266A6 /* PullingRefreshTableView.m */ = {isa = PBXFileReference; fileEncoding = 4; lastKnownFileType = sourcecode.c.objc; path = PullingRefreshTableView.m; sourceTree = "<group>"; };
		71CF99761786534800D266A6 /* QuartzCore.framework */ = {isa = PBXFileReference; lastKnownFileType = wrapper.framework; name = QuartzCore.framework; path = System/Library/Frameworks/QuartzCore.framework; sourceTree = SDKROOT; };
		71F75A0D178E9C5B00EF71FA /* p01.png */ = {isa = PBXFileReference; lastKnownFileType = image.png; path = p01.png; sourceTree = "<group>"; };
		71F85F22178E5B8B00DBB059 /* VRGCalendarView.h */ = {isa = PBXFileReference; fileEncoding = 4; lastKnownFileType = sourcecode.c.h; path = VRGCalendarView.h; sourceTree = "<group>"; };
		71F85F23178E5B8B00DBB059 /* VRGCalendarView.m */ = {isa = PBXFileReference; fileEncoding = 4; lastKnownFileType = sourcecode.c.objc; path = VRGCalendarView.m; sourceTree = "<group>"; };
		71F85F24178E5B8B00DBB059 /* UIView+convenience.h */ = {isa = PBXFileReference; fileEncoding = 4; lastKnownFileType = sourcecode.c.h; path = "UIView+convenience.h"; sourceTree = "<group>"; };
		71F85F25178E5B8B00DBB059 /* UIView+convenience.m */ = {isa = PBXFileReference; fileEncoding = 4; lastKnownFileType = sourcecode.c.objc; path = "UIView+convenience.m"; sourceTree = "<group>"; };
		71F85F26178E5B8B00DBB059 /* NSMutableArray+convenience.h */ = {isa = PBXFileReference; fileEncoding = 4; lastKnownFileType = sourcecode.c.h; path = "NSMutableArray+convenience.h"; sourceTree = "<group>"; };
		71F85F27178E5B8B00DBB059 /* NSMutableArray+convenience.m */ = {isa = PBXFileReference; fileEncoding = 4; lastKnownFileType = sourcecode.c.objc; path = "NSMutableArray+convenience.m"; sourceTree = "<group>"; };
		71F85F28178E5B8B00DBB059 /* NSDate+convenience.h */ = {isa = PBXFileReference; fileEncoding = 4; lastKnownFileType = sourcecode.c.h; path = "NSDate+convenience.h"; sourceTree = "<group>"; };
		71F85F29178E5B8B00DBB059 /* NSDate+convenience.m */ = {isa = PBXFileReference; fileEncoding = 4; lastKnownFileType = sourcecode.c.objc; path = "NSDate+convenience.m"; sourceTree = "<group>"; };
		71F85F2A178E5B8B00DBB059 /* UIColor+expanded.h */ = {isa = PBXFileReference; fileEncoding = 4; lastKnownFileType = sourcecode.c.h; path = "UIColor+expanded.h"; sourceTree = "<group>"; };
		71F85F2B178E5B8B00DBB059 /* UIColor+expanded.m */ = {isa = PBXFileReference; fileEncoding = 4; lastKnownFileType = sourcecode.c.objc; path = "UIColor+expanded.m"; sourceTree = "<group>"; };
		71F85F32178E5BA200DBB059 /* VRGViewController.h */ = {isa = PBXFileReference; fileEncoding = 4; lastKnownFileType = sourcecode.c.h; path = VRGViewController.h; sourceTree = "<group>"; };
		71F85F33178E5BA200DBB059 /* VRGViewController.m */ = {isa = PBXFileReference; fileEncoding = 4; lastKnownFileType = sourcecode.c.objc; path = VRGViewController.m; sourceTree = "<group>"; };
		71F85F34178E5BA200DBB059 /* VRGViewController.xib */ = {isa = PBXFileReference; fileEncoding = 4; lastKnownFileType = file.xib; path = VRGViewController.xib; sourceTree = "<group>"; };
		71F85F41178E802100DBB059 /* PassValueDelegate.h */ = {isa = PBXFileReference; fileEncoding = 4; lastKnownFileType = sourcecode.c.h; path = PassValueDelegate.h; sourceTree = "<group>"; };
		71F85F57178E935B00DBB059 /* EScrollerView.h */ = {isa = PBXFileReference; fileEncoding = 4; lastKnownFileType = sourcecode.c.h; path = EScrollerView.h; sourceTree = "<group>"; };
		71F85F58178E935B00DBB059 /* EScrollerView.m */ = {isa = PBXFileReference; fileEncoding = 4; lastKnownFileType = sourcecode.c.objc; path = EScrollerView.m; sourceTree = "<group>"; };
		71F85F5F178E93AC00DBB059 /* EGOImageView.h */ = {isa = PBXFileReference; fileEncoding = 4; lastKnownFileType = sourcecode.c.h; path = EGOImageView.h; sourceTree = "<group>"; };
		71F85F60178E93AC00DBB059 /* EGOImageView.m */ = {isa = PBXFileReference; fileEncoding = 4; lastKnownFileType = sourcecode.c.objc; path = EGOImageView.m; sourceTree = "<group>"; };
		71F85F62178E93B500DBB059 /* EGOImageLoader.h */ = {isa = PBXFileReference; fileEncoding = 4; lastKnownFileType = sourcecode.c.h; path = EGOImageLoader.h; sourceTree = "<group>"; };
		71F85F63178E93B500DBB059 /* EGOImageLoader.m */ = {isa = PBXFileReference; fileEncoding = 4; lastKnownFileType = sourcecode.c.objc; path = EGOImageLoader.m; sourceTree = "<group>"; };
		71F85F64178E93B500DBB059 /* EGOImageLoadConnection.h */ = {isa = PBXFileReference; fileEncoding = 4; lastKnownFileType = sourcecode.c.h; path = EGOImageLoadConnection.h; sourceTree = "<group>"; };
		71F85F65178E93B500DBB059 /* EGOImageLoadConnection.m */ = {isa = PBXFileReference; fileEncoding = 4; lastKnownFileType = sourcecode.c.objc; path = EGOImageLoadConnection.m; sourceTree = "<group>"; };
		71F85F68178E93BC00DBB059 /* EGOImageButton.h */ = {isa = PBXFileReference; fileEncoding = 4; lastKnownFileType = sourcecode.c.h; path = EGOImageButton.h; sourceTree = "<group>"; };
		71F85F69178E93BC00DBB059 /* EGOImageButton.m */ = {isa = PBXFileReference; fileEncoding = 4; lastKnownFileType = sourcecode.c.objc; path = EGOImageButton.m; sourceTree = "<group>"; };
		71F85F6B178E93C300DBB059 /* EGOCache.h */ = {isa = PBXFileReference; fileEncoding = 4; lastKnownFileType = sourcecode.c.h; path = EGOCache.h; sourceTree = "<group>"; };
		71F85F6C178E93C300DBB059 /* EGOCache.m */ = {isa = PBXFileReference; fileEncoding = 4; lastKnownFileType = sourcecode.c.objc; path = EGOCache.m; sourceTree = "<group>"; };
/* End PBXFileReference section */

/* Begin PBXFrameworksBuildPhase section */
		71C305761783CFAB001A09AF /* Frameworks */ = {
			isa = PBXFrameworksBuildPhase;
			buildActionMask = 2147483647;
			files = (
				71CF99771786534800D266A6 /* QuartzCore.framework in Frameworks */,
				71CF98E61783F6B200D266A6 /* CFNetwork.framework in Frameworks */,
				71CF98E41783F69A00D266A6 /* MobileCoreServices.framework in Frameworks */,
				71CF98E21783F69100D266A6 /* SystemConfiguration.framework in Frameworks */,
				71CF98E01783F68400D266A6 /* CoreLocation.framework in Frameworks */,
				71CF98DE1783F67B00D266A6 /* MapKit.framework in Frameworks */,
				71CF98DC1783F66E00D266A6 /* libxml2.dylib in Frameworks */,
				71CF98DA1783F66200D266A6 /* libz.1.2.5.dylib in Frameworks */,
				71CF98D81783F65900D266A6 /* libsqlite3.0.dylib in Frameworks */,
				71C3057D1783CFAB001A09AF /* UIKit.framework in Frameworks */,
				71C3057F1783CFAB001A09AF /* Foundation.framework in Frameworks */,
				71C305811783CFAB001A09AF /* CoreGraphics.framework in Frameworks */,
			);
			runOnlyForDeploymentPostprocessing = 0;
		};
/* End PBXFrameworksBuildPhase section */

/* Begin PBXGroup section */
		711414F7178EA78F00042DD2 /* ShopInfoAdd */ = {
			isa = PBXGroup;
			children = (
				711414F8178EA7D200042DD2 /* jhztbg01.png */,
				711414F9178EA7D200042DD2 /* jhztbg02.png */,
				711414FA178EA7D200042DD2 /* jhztbg03.png */,
			);
			name = ShopInfoAdd;
			sourceTree = "<group>";
		};
		711C7BE4178FE0410041FE3C /* SYAlertView */ = {
			isa = PBXGroup;
			children = (
				711C7C00178FE0900041FE3C /* Protected */,
				711C7BF5178FE07F0041FE3C /* Views */,
				711C7BEB178FE0690041FE3C /* Categories */,
				711C7BE5178FE05A0041FE3C /* MBAlertView.h */,
				711C7BE6178FE05A0041FE3C /* MBAlertView.m */,
				711C7BE7178FE05A0041FE3C /* MBHUDView.h */,
				711C7BE8178FE05A0041FE3C /* MBHUDView.m */,
			);
			name = SYAlertView;
			sourceTree = "<group>";
		};
		711C7BEB178FE0690041FE3C /* Categories */ = {
			isa = PBXGroup;
			children = (
				711C7BEC178FE07C0041FE3C /* NSString+Trim.h */,
				711C7BED178FE07C0041FE3C /* NSString+Trim.m */,
				711C7BEE178FE07C0041FE3C /* UIFont+Alert.h */,
				711C7BEF178FE07C0041FE3C /* UIFont+Alert.m */,
				711C7BF0178FE07C0041FE3C /* UIView+Animations.h */,
				711C7BF1178FE07C0041FE3C /* UIView+Animations.m */,
			);
			name = Categories;
			sourceTree = "<group>";
		};
		711C7BF5178FE07F0041FE3C /* Views */ = {
			isa = PBXGroup;
			children = (
				711C7BF6178FE08C0041FE3C /* AlertViewUI.h */,
				711C7BF7178FE08C0041FE3C /* MBAlertViewButton.h */,
				711C7BF8178FE08C0041FE3C /* MBAlertViewButton.m */,
				711C7BF9178FE08C0041FE3C /* MBCheckMarkView.h */,
				711C7BFA178FE08C0041FE3C /* MBCheckMarkView.m */,
				711C7BFB178FE08C0041FE3C /* MBSpinningCircle.h */,
				711C7BFC178FE08C0041FE3C /* MBSpinningCircle.m */,
			);
			name = Views;
			sourceTree = "<group>";
		};
		711C7C00178FE0900041FE3C /* Protected */ = {
			isa = PBXGroup;
			children = (
				711C7C01178FE0A00041FE3C /* MBAlertViewItem.h */,
				711C7C02178FE0A00041FE3C /* MBAlertViewItem.m */,
				711C7C03178FE0A00041FE3C /* MBAlertViewSubclass.h */,
			);
			name = Protected;
			sourceTree = "<group>";
		};
		7150B3ED178FA68800733608 /* CameraAndPhotos */ = {
			isa = PBXGroup;
			children = (
				7150B3F4178FA6C700733608 /* SrcImage */,
				7150B3F1178FA6BB00733608 /* CustomAlertView.h */,
				7150B3F2178FA6BB00733608 /* CustomAlertView.m */,
				7150B3EE178FA6AE00733608 /* UIButton+Badge.h */,
				7150B3EF178FA6AE00733608 /* UIButton+Badge.m */,
			);
			name = CameraAndPhotos;
			sourceTree = "<group>";
		};
		7150B3F4178FA6C700733608 /* SrcImage */ = {
			isa = PBXGroup;
			children = (
				7150B3F5178FA6DB00733608 /* cancel.png */,
				7150B3F6178FA6DB00733608 /* alert-window.png */,
				7150B3F7178FA6DB00733608 /* alert-window@2x.png */,
				7150B3F8178FA6DB00733608 /* camera_mode.png */,
				7150B3F9178FA6DB00733608 /* camera_icon.png */,
				7150B3FA178FA6DB00733608 /* camera_set.png */,
				7150B3FB178FA6DB00733608 /* camera_flash_auto.png */,
				7150B3FC178FA6DB00733608 /* camera_flash_off.png */,
				7150B3FD178FA6DB00733608 /* camera_flash_on.png */,
			);
			name = SrcImage;
			sourceTree = "<group>";
		};
		7184BA56178A506200CE38F3 /* Calendar */ = {
			isa = PBXGroup;
			children = (
				71F85F40178E800E00DBB059 /* Delegate */,
				71F85F31178E5B9300DBB059 /* Main */,
				71F85F22178E5B8B00DBB059 /* VRGCalendarView.h */,
				71F85F23178E5B8B00DBB059 /* VRGCalendarView.m */,
				71F85F24178E5B8B00DBB059 /* UIView+convenience.h */,
				71F85F25178E5B8B00DBB059 /* UIView+convenience.m */,
				71F85F26178E5B8B00DBB059 /* NSMutableArray+convenience.h */,
				71F85F27178E5B8B00DBB059 /* NSMutableArray+convenience.m */,
				71F85F28178E5B8B00DBB059 /* NSDate+convenience.h */,
				71F85F29178E5B8B00DBB059 /* NSDate+convenience.m */,
				71F85F2A178E5B8B00DBB059 /* UIColor+expanded.h */,
				71F85F2B178E5B8B00DBB059 /* UIColor+expanded.m */,
			);
			name = Calendar;
			sourceTree = "<group>";
		};
		71C305701783CFAB001A09AF = {
			isa = PBXGroup;
			children = (
				71C305821783CFAB001A09AF /* YYWS */,
				71C3057B1783CFAB001A09AF /* Frameworks */,
				71C3057A1783CFAB001A09AF /* Products */,
				71CF990F178414CC00D266A6 /* Readme_For_IOS_LOG */,
			);
			sourceTree = "<group>";
		};
		71C3057A1783CFAB001A09AF /* Products */ = {
			isa = PBXGroup;
			children = (
				71C305791783CFAB001A09AF /* YYWS.app */,
			);
			name = Products;
			sourceTree = "<group>";
		};
		71C3057B1783CFAB001A09AF /* Frameworks */ = {
			isa = PBXGroup;
			children = (
				71CF98DB1783F66E00D266A6 /* libxml2.dylib */,
				71CF98D91783F66200D266A6 /* libz.1.2.5.dylib */,
				71CF98D71783F65900D266A6 /* libsqlite3.0.dylib */,
				71CF99761786534800D266A6 /* QuartzCore.framework */,
				71CF98E51783F6B200D266A6 /* CFNetwork.framework */,
				71CF98E31783F69A00D266A6 /* MobileCoreServices.framework */,
				71CF98E11783F69100D266A6 /* SystemConfiguration.framework */,
				71CF98DF1783F68400D266A6 /* CoreLocation.framework */,
				71CF98DD1783F67B00D266A6 /* MapKit.framework */,
				71C3057C1783CFAB001A09AF /* UIKit.framework */,
				71C3057E1783CFAB001A09AF /* Foundation.framework */,
				71C305801783CFAB001A09AF /* CoreGraphics.framework */,
			);
			name = Frameworks;
			sourceTree = "<group>";
		};
		71C305821783CFAB001A09AF /* YYWS */ = {
			isa = PBXGroup;
			children = (
				71CF98E81784100A00D266A6 /* Other */,
				71CF98E717840DD600D266A6 /* Main */,
				71CF988A1783F52500D266A6 /* Utils */,
				71C305A21783E9BA001A09AF /* Images */,
				71C305831783CFAB001A09AF /* Supporting Files */,
			);
			path = YYWS;
			sourceTree = "<group>";
		};
		71C305831783CFAB001A09AF /* Supporting Files */ = {
			isa = PBXGroup;
			children = (
				71C305841783CFAB001A09AF /* YYWS-Info.plist */,
				71C305851783CFAB001A09AF /* InfoPlist.strings */,
				71C305881783CFAB001A09AF /* main.m */,
				71C3058A1783CFAB001A09AF /* YYWS-Prefix.pch */,
				71C3058E1783CFAB001A09AF /* Default.png */,
				71C305901783CFAB001A09AF /* Default@2x.png */,
				71C305921783CFAB001A09AF /* Default-568h@2x.png */,
			);
			name = "Supporting Files";
			sourceTree = "<group>";
		};
		71C305A21783E9BA001A09AF /* Images */ = {
			isa = PBXGroup;
			children = (
				71CF991B178420CF00D266A6 /* DayWork */,
				71CF99101784182100D266A6 /* Version */,
				71C305A31783EA07001A09AF /* Main */,
			);
			name = Images;
			sourceTree = "<group>";
		};
		71C305A31783EA07001A09AF /* Main */ = {
			isa = PBXGroup;
			children = (
				07BFB2451793AC2800FE623A /* login.png */,
				07BFB2461793AC2800FE623A /* login1.png */,
				07BFB2471793AC2800FE623A /* boxbg.png */,
				71C305AA1783EABA001A09AF /* cxdt.png */,
				71C305AB1783EABA001A09AF /* rcgz.png */,
				71C305AC1783EABA001A09AF /* mobile_r4_c6.png */,
				71C305AD1783EABA001A09AF /* hjgl.png */,
				71C305A41783EA13001A09AF /* iphonemobile_r8_c2.png */,
				71C305A51783EA13001A09AF /* iphonemobile_r8_c8.png */,
				71C305A61783EA13001A09AF /* iphonemobile_r8_c4.png */,
			);
			name = Main;
			sourceTree = "<group>";
		};
		71CF988A1783F52500D266A6 /* Utils */ = {
			isa = PBXGroup;
			children = (
				711C7BE4178FE0410041FE3C /* SYAlertView */,
				7150B3ED178FA68800733608 /* CameraAndPhotos */,
				71F85F5A178E936000DBB059 /* EGOImageLoading */,
				71F85F56178E934100DBB059 /* EScrollerView */,
				7184BA56178A506200CE38F3 /* Calendar */,
				71CF996A1786528600D266A6 /* PullingRefreshTableView */,
				71CF99661785671B00D266A6 /* JSON */,
				71CF993F178516D400D266A6 /* UITableView */,
				71CF989F1783F54F00D266A6 /* NETWebService */,
				71CF98971783F53B00D266A6 /* SQLite */,
				71CF988B1783F53800D266A6 /* TPKeyboardAvoidingTableView.h */,
				71CF988C1783F53800D266A6 /* TPKeyboardAvoidingTableView.m */,
				71CF988D1783F53800D266A6 /* TPKeyboardAvoidingScrollView.h */,
				71CF988E1783F53800D266A6 /* TPKeyboardAvoidingScrollView.m */,
				71CF988F1783F53800D266A6 /* TPKeyboardAvoidingSampleAppDelegate.h */,
				71CF98901783F53800D266A6 /* TPKeyboardAvoidingSampleAppDelegate.m */,
				71CF98911783F53800D266A6 /* WXHLGlobalUICommon.h */,
				71CF98921783F53800D266A6 /* WXHLGlobalUICommon.m */,
			);
			name = Utils;
			sourceTree = "<group>";
		};
		71CF98971783F53B00D266A6 /* SQLite */ = {
			isa = PBXGroup;
			children = (
				71CF98981783F54B00D266A6 /* CSqlite.h */,
				71CF98991783F54B00D266A6 /* CSqlite.m */,
				71CF989A1783F54B00D266A6 /* sqlite3ext.h */,
				71CF989B1783F54B00D266A6 /* sqlite3.h */,
				71CF989C1783F54B00D266A6 /* gps.db */,
			);
			name = SQLite;
			sourceTree = "<group>";
		};
		71CF989F1783F54F00D266A6 /* NETWebService */ = {
			isa = PBXGroup;
			children = (
				71CF98D31783F60B00D266A6 /* Animation */,
				71CF98CF1783F5E100D266A6 /* SoapHelper */,
				71CF98C61783F5C400D266A6 /* XmlParse */,
				71CF98A31783F56900D266A6 /* WebService */,
				71CF98A01783F56600D266A6 /* AppHelper.h */,
				71CF98A11783F56600D266A6 /* AppHelper.m */,
			);
			name = NETWebService;
			sourceTree = "<group>";
		};
		71CF98A31783F56900D266A6 /* WebService */ = {
			isa = PBXGroup;
			children = (
				71CF98A61783F59700D266A6 /* WebServices.h */,
				71CF98A71783F59700D266A6 /* WebServices.m */,
				71CF98A81783F59700D266A6 /* ServiceHelper.h */,
				71CF98A91783F59700D266A6 /* ServiceHelper.m */,
				71CF98AA1783F59700D266A6 /* AppConfigure.h */,
				71CF98A51783F58800D266A6 /* Request */,
				71CF98A41783F57800D266A6 /* Reachability */,
			);
			name = WebService;
			sourceTree = "<group>";
		};
		71CF98A41783F57800D266A6 /* Reachability */ = {
			isa = PBXGroup;
			children = (
				71CF98C31783F5AF00D266A6 /* Reachability.h */,
				71CF98C41783F5AF00D266A6 /* Reachability.m */,
			);
			name = Reachability;
			sourceTree = "<group>";
		};
		71CF98A51783F58800D266A6 /* Request */ = {
			isa = PBXGroup;
			children = (
				71CF98AD1783F5A200D266A6 /* ASINetworkQueue.h */,
				71CF98AE1783F5A200D266A6 /* ASINetworkQueue.m */,
				71CF98AF1783F5A200D266A6 /* ASIDataDecompressor.h */,
				71CF98B01783F5A200D266A6 /* ASIDataDecompressor.m */,
				71CF98B11783F5A200D266A6 /* ASIDataCompressor.h */,
				71CF98B21783F5A200D266A6 /* ASIDataCompressor.m */,
				71CF98B31783F5A200D266A6 /* ASIInputStream.h */,
				71CF98B41783F5A200D266A6 /* ASIInputStream.m */,
				71CF98B51783F5A200D266A6 /* ASIAuthenticationDialog.h */,
				71CF98B61783F5A200D266A6 /* ASIAuthenticationDialog.m */,
				71CF98B71783F5A200D266A6 /* ASICacheDelegate.h */,
				71CF98B81783F5A200D266A6 /* ASIProgressDelegate.h */,
				71CF98B91783F5A200D266A6 /* ASIHTTPRequestDelegate.h */,
				71CF98BA1783F5A200D266A6 /* ASIHTTPRequestConfig.h */,
				71CF98BB1783F5A200D266A6 /* ASIHTTPRequest.h */,
				71CF98BC1783F5A200D266A6 /* ASIHTTPRequest.m */,
			);
			name = Request;
			sourceTree = "<group>";
		};
		71CF98C61783F5C400D266A6 /* XmlParse */ = {
			isa = PBXGroup;
			children = (
				71CF98C71783F5DC00D266A6 /* GDataXMLNode.h */,
				71CF98C81783F5DC00D266A6 /* GDataXMLNode.m */,
				71CF98C91783F5DC00D266A6 /* GDataDefines.h */,
				71CF98CA1783F5DC00D266A6 /* GDataTargetNamespace.h */,
				71CF98CB1783F5DC00D266A6 /* SoapXmlParseHelper.h */,
				71CF98CC1783F5DC00D266A6 /* SoapXmlParseHelper.m */,
			);
			name = XmlParse;
			sourceTree = "<group>";
		};
		71CF98CF1783F5E100D266A6 /* SoapHelper */ = {
			isa = PBXGroup;
			children = (
				71CF98D01783F5F100D266A6 /* SoapHelper.h */,
				71CF98D11783F5F100D266A6 /* SoapHelper.m */,
			);
			name = SoapHelper;
			sourceTree = "<group>";
		};
		71CF98D31783F60B00D266A6 /* Animation */ = {
			isa = PBXGroup;
			children = (
				71CF98D41783F62000D266A6 /* MBProgressHUD.h */,
				71CF98D51783F62000D266A6 /* MBProgressHUD.m */,
			);
			name = Animation;
			sourceTree = "<group>";
		};
		71CF98E717840DD600D266A6 /* Main */ = {
			isa = PBXGroup;
			children = (
				074FE5311793A888008FD732 /* JKCustomAlert.h */,
				074FE5321793A888008FD732 /* JKCustomAlert.m */,
				71C3058B1783CFAB001A09AF /* AppDelegate.h */,
				71C3058C1783CFAB001A09AF /* AppDelegate.m */,
				71C305941783CFAB001A09AF /* ViewController.h */,
				71C305951783CFAB001A09AF /* ViewController.m */,
				71C305971783CFAB001A09AF /* ViewController_iPhone.xib */,
				71C3059A1783CFAB001A09AF /* ViewController_iPad.xib */,
			);
			name = Main;
			sourceTree = "<group>";
		};
		71CF98E81784100A00D266A6 /* Other */ = {
			isa = PBXGroup;
			children = (
				71CF991517841F6C00D266A6 /* DayWork */,
				71CF98FB1784139B00D266A6 /* DateSyn */,
				71CF98FA1784138F00D266A6 /* SystemSet */,
				71CF98F91784138000D266A6 /* VersionInfo */,
				71CF98E91784102700D266A6 /* Login */,
			);
			name = Other;
			sourceTree = "<group>";
		};
		71CF98E91784102700D266A6 /* Login */ = {
			isa = PBXGroup;
			children = (
				71CF98F4178410B900D266A6 /* LoginViewController.h */,
				71CF98F5178410B900D266A6 /* LoginViewController.m */,
				71CF98F6178410B900D266A6 /* LoginViewController.xib */,
			);
			name = Login;
			sourceTree = "<group>";
		};
		71CF98F91784138000D266A6 /* VersionInfo */ = {
			isa = PBXGroup;
			children = (
				71CF9906178413D600D266A6 /* VersionInfoViewController.h */,
				71CF9907178413D600D266A6 /* VersionInfoViewController.m */,
				71CF9908178413D600D266A6 /* VersionInfoViewController.xib */,
			);
			name = VersionInfo;
			sourceTree = "<group>";
		};
		71CF98FA1784138F00D266A6 /* SystemSet */ = {
			isa = PBXGroup;
			children = (
				71CF9901178413BE00D266A6 /* SystemSetViewController.h */,
				71CF9902178413BE00D266A6 /* SystemSetViewController.m */,
				71CF9903178413BE00D266A6 /* SystemSetViewController.xib */,
			);
			name = SystemSet;
			sourceTree = "<group>";
		};
		71CF98FB1784139B00D266A6 /* DateSyn */ = {
			isa = PBXGroup;
			children = (
				71CF98FC178413AF00D266A6 /* DateSynViewController.h */,
				71CF98FD178413AF00D266A6 /* DateSynViewController.m */,
				71CF98FE178413AF00D266A6 /* DateSynViewController.xib */,
			);
			name = DateSyn;
			sourceTree = "<group>";
		};
		71CF990F178414CC00D266A6 /* Readme_For_IOS_LOG */ = {
			isa = PBXGroup;
			children = (
				71CF990D1784149500D266A6 /* Readme_For_LvLei.txt */,
				71CF990B1784144F00D266A6 /* Readme_For_ShuaiYin.txt */,
			);
			name = Readme_For_IOS_LOG;
			sourceTree = "<group>";
		};
		71CF99101784182100D266A6 /* Version */ = {
			isa = PBXGroup;
			children = (
				71CF991317841B1900D266A6 /* bodybgs.png */,
				71CF99111784184800D266A6 /* versionimg.png */,
			);
			name = Version;
			sourceTree = "<group>";
		};
		71CF991517841F6C00D266A6 /* DayWork */ = {
			isa = PBXGroup;
			children = (
				71CF991617841F7E00D266A6 /* DayWorkViewController.h */,
				71CF991717841F7E00D266A6 /* DayWorkViewController.m */,
				71CF991817841F7E00D266A6 /* DayWorkViewController.xib */,
				71CF9928178506F400D266A6 /* ShopInfo */,
			);
			name = DayWork;
			sourceTree = "<group>";
		};
		71CF991B178420CF00D266A6 /* DayWork */ = {
			isa = PBXGroup;
			children = (
				711414F7178EA78F00042DD2 /* ShopInfoAdd */,
				71CF992E17850A8600D266A6 /* ShopInfo */,
				71CF991C178420FF00D266A6 /* icon101.png */,
				71CF991D178420FF00D266A6 /* icon102.png */,
				71CF991E178420FF00D266A6 /* icon103.png */,
				71CF991F178420FF00D266A6 /* icon104.png */,
				71CF9920178420FF00D266A6 /* icon105.png */,
				71CF9921178420FF00D266A6 /* icon401.png */,
			);
			name = DayWork;
			sourceTree = "<group>";
		};
		71CF9928178506F400D266A6 /* ShopInfo */ = {
			isa = PBXGroup;
			children = (
				71CF995F1785557E00D266A6 /* Dao_NET */,
				71CF99291785070F00D266A6 /* ShopInfoViewController.h */,
				71CF992A1785070F00D266A6 /* ShopInfoViewController.m */,
				71CF992B1785070F00D266A6 /* ShopInfoViewController.xib */,
				7184BA511786C5A000CE38F3 /* ShopInfoFKViewController.h */,
				7184BA521786C5A000CE38F3 /* ShopInfoFKViewController.m */,
				7184BA531786C5A000CE38F3 /* ShopInfoFKViewController.xib */,
				711414F2178EA0C600042DD2 /* ShopInfoAddViewController.h */,
				711414F3178EA0C600042DD2 /* ShopInfoAddViewController.m */,
				711414F4178EA0C600042DD2 /* ShopInfoAddViewController.xib */,
				71CF9954178533DD00D266A6 /* ShopInfoCell.h */,
				71CF9955178533DD00D266A6 /* ShopInfoCell.m */,
				71CF99571785340300D266A6 /* ShopInfoCell.xib */,
				7184BA4E1786C49000CE38F3 /* ShopInfoEntity.h */,
				7184BA4F1786C49100CE38F3 /* ShopInfoEntity.m */,
			);
			name = ShopInfo;
			sourceTree = "<group>";
		};
		71CF992E17850A8600D266A6 /* ShopInfo */ = {
			isa = PBXGroup;
			children = (
				71F75A0D178E9C5B00EF71FA /* p01.png */,
				7184BAE5178A889A00CE38F3 /* a.png */,
				7184BAE6178A889A00CE38F3 /* d.png */,
				71CF995B1785375300D266A6 /* picicons.png */,
				71CF9959178536E100D266A6 /* picicon.png */,
				71CF993B1785107800D266A6 /* buttonbg_01.png */,
				71CF993C1785107800D266A6 /* buttonbg_02.png */,
				71CF993717850FA200D266A6 /* selecttoolnones.png */,
				71CF993817850FA300D266A6 /* selecttoolnone.png */,
				71CF993117850E6300D266A6 /* toolsbga.png */,
				71CF993217850E6300D266A6 /* toolsbgb_click.png */,
				71CF993317850E6300D266A6 /* toolsbgb.png */,
			);
			name = ShopInfo;
			sourceTree = "<group>";
		};
		71CF993F178516D400D266A6 /* UITableView */ = {
			isa = PBXGroup;
			children = (
				71CF994317851BBA00D266A6 /* DIYTableView */,
				71CF9940178516E800D266A6 /* TTUITableViewZoomController.h */,
				71CF9941178516E800D266A6 /* TTUITableViewZoomController.m */,
			);
			name = UITableView;
			sourceTree = "<group>";
		};
		71CF994317851BBA00D266A6 /* DIYTableView */ = {
			isa = PBXGroup;
			children = (
				71CF994617851BDE00D266A6 /* about-tomthorpelogo.png */,
				71CF994417851BCD00D266A6 /* FancyCellView.xib */,
				71CF994F1785213400D266A6 /* TabThreeViewController.h */,
				71CF99501785213400D266A6 /* TabThreeViewController.m */,
				71CF99511785213500D266A6 /* TabThreeViewController.xib */,
				71CF994817851C0E00D266A6 /* DIYTableViewController.h */,
				71CF994917851C0E00D266A6 /* DIYTableViewController.m */,
				71CF994D17851C9300D266A6 /* DIYTableViewController.xib */,
			);
			name = DIYTableView;
			sourceTree = "<group>";
		};
		71CF995F1785557E00D266A6 /* Dao_NET */ = {
			isa = PBXGroup;
			children = (
				71CF9960178555EE00D266A6 /* UseNETGetShopInfoDao.h */,
				71CF9961178555EE00D266A6 /* UseNETGetShopInfoDao.m */,
			);
			name = Dao_NET;
			sourceTree = "<group>";
		};
		71CF99661785671B00D266A6 /* JSON */ = {
			isa = PBXGroup;
			children = (
				71CF99671785674B00D266A6 /* JSONKit.h */,
				71CF99681785674B00D266A6 /* JSONKit.m */,
			);
			name = JSON;
			sourceTree = "<group>";
		};
		71CF996A1786528600D266A6 /* PullingRefreshTableView */ = {
			isa = PBXGroup;
			children = (
				71CF996B178652A100D266A6 /* blueArrow.png */,
				71CF996C178652A100D266A6 /* blueArrow@2x.png */,
				71CF996D178652A100D266A6 /* blueArrowDown.png */,
				71CF996E178652A100D266A6 /* blueArrowDown@2x.png */,
				71CF996F178652A100D266A6 /* PullingRefreshTableView.h */,
				71CF9970178652A100D266A6 /* PullingRefreshTableView.m */,
			);
			name = PullingRefreshTableView;
			sourceTree = "<group>";
		};
		71F85F31178E5B9300DBB059 /* Main */ = {
			isa = PBXGroup;
			children = (
				71F85F32178E5BA200DBB059 /* VRGViewController.h */,
				71F85F33178E5BA200DBB059 /* VRGViewController.m */,
				71F85F34178E5BA200DBB059 /* VRGViewController.xib */,
			);
			name = Main;
			sourceTree = "<group>";
		};
		71F85F40178E800E00DBB059 /* Delegate */ = {
			isa = PBXGroup;
			children = (
				71F85F41178E802100DBB059 /* PassValueDelegate.h */,
			);
			name = Delegate;
			sourceTree = "<group>";
		};
		71F85F56178E934100DBB059 /* EScrollerView */ = {
			isa = PBXGroup;
			children = (
				71F85F57178E935B00DBB059 /* EScrollerView.h */,
				71F85F58178E935B00DBB059 /* EScrollerView.m */,
			);
			name = EScrollerView;
			sourceTree = "<group>";
		};
		71F85F5A178E936000DBB059 /* EGOImageLoading */ = {
			isa = PBXGroup;
			children = (
				71F85F5E178E939D00DBB059 /* EGOImageView */,
				71F85F5D178E939300DBB059 /* EGOImageLoader */,
				71F85F5C178E938B00DBB059 /* EGOImageButton */,
				71F85F5B178E937A00DBB059 /* EGOCache */,
			);
			name = EGOImageLoading;
			sourceTree = "<group>";
		};
		71F85F5B178E937A00DBB059 /* EGOCache */ = {
			isa = PBXGroup;
			children = (
				71F85F6B178E93C300DBB059 /* EGOCache.h */,
				71F85F6C178E93C300DBB059 /* EGOCache.m */,
			);
			name = EGOCache;
			sourceTree = "<group>";
		};
		71F85F5C178E938B00DBB059 /* EGOImageButton */ = {
			isa = PBXGroup;
			children = (
				71F85F68178E93BC00DBB059 /* EGOImageButton.h */,
				71F85F69178E93BC00DBB059 /* EGOImageButton.m */,
			);
			name = EGOImageButton;
			sourceTree = "<group>";
		};
		71F85F5D178E939300DBB059 /* EGOImageLoader */ = {
			isa = PBXGroup;
			children = (
				71F85F62178E93B500DBB059 /* EGOImageLoader.h */,
				71F85F63178E93B500DBB059 /* EGOImageLoader.m */,
				71F85F64178E93B500DBB059 /* EGOImageLoadConnection.h */,
				71F85F65178E93B500DBB059 /* EGOImageLoadConnection.m */,
			);
			name = EGOImageLoader;
			sourceTree = "<group>";
		};
		71F85F5E178E939D00DBB059 /* EGOImageView */ = {
			isa = PBXGroup;
			children = (
				71F85F5F178E93AC00DBB059 /* EGOImageView.h */,
				71F85F60178E93AC00DBB059 /* EGOImageView.m */,
			);
			name = EGOImageView;
			sourceTree = "<group>";
		};
/* End PBXGroup section */

/* Begin PBXNativeTarget section */
		71C305781783CFAB001A09AF /* YYWS */ = {
			isa = PBXNativeTarget;
			buildConfigurationList = 71C3059F1783CFAB001A09AF /* Build configuration list for PBXNativeTarget "YYWS" */;
			buildPhases = (
				71C305751783CFAB001A09AF /* Sources */,
				71C305761783CFAB001A09AF /* Frameworks */,
				71C305771783CFAB001A09AF /* Resources */,
			);
			buildRules = (
			);
			dependencies = (
			);
			name = YYWS;
			productName = YYWS;
			productReference = 71C305791783CFAB001A09AF /* YYWS.app */;
			productType = "com.apple.product-type.application";
		};
/* End PBXNativeTarget section */

/* Begin PBXProject section */
		71C305711783CFAB001A09AF /* Project object */ = {
			isa = PBXProject;
			attributes = {
				LastUpgradeCheck = 0460;
				ORGANIZATIONNAME = "三明泰格_帅 印";
			};
			buildConfigurationList = 71C305741783CFAB001A09AF /* Build configuration list for PBXProject "YYWS" */;
			compatibilityVersion = "Xcode 3.2";
			developmentRegion = English;
			hasScannedForEncodings = 0;
			knownRegions = (
				en,
			);
			mainGroup = 71C305701783CFAB001A09AF;
			productRefGroup = 71C3057A1783CFAB001A09AF /* Products */;
			projectDirPath = "";
			projectRoot = "";
			targets = (
				71C305781783CFAB001A09AF /* YYWS */,
			);
		};
/* End PBXProject section */

/* Begin PBXResourcesBuildPhase section */
		71C305771783CFAB001A09AF /* Resources */ = {
			isa = PBXResourcesBuildPhase;
			buildActionMask = 2147483647;
			files = (
				71C305871783CFAB001A09AF /* InfoPlist.strings in Resources */,
				71C3058F1783CFAB001A09AF /* Default.png in Resources */,
				71C305911783CFAB001A09AF /* Default@2x.png in Resources */,
				71C305931783CFAB001A09AF /* Default-568h@2x.png in Resources */,
				71C305991783CFAB001A09AF /* ViewController_iPhone.xib in Resources */,
				71C3059C1783CFAB001A09AF /* ViewController_iPad.xib in Resources */,
				71C305A71783EA13001A09AF /* iphonemobile_r8_c2.png in Resources */,
				71C305A81783EA13001A09AF /* iphonemobile_r8_c8.png in Resources */,
				71C305A91783EA13001A09AF /* iphonemobile_r8_c4.png in Resources */,
				71C305AE1783EABA001A09AF /* cxdt.png in Resources */,
				71C305AF1783EABA001A09AF /* rcgz.png in Resources */,
				71C305B01783EABA001A09AF /* mobile_r4_c6.png in Resources */,
				71C305B11783EABA001A09AF /* hjgl.png in Resources */,
				71CF989E1783F54B00D266A6 /* gps.db in Resources */,
				71CF98F8178410B900D266A6 /* LoginViewController.xib in Resources */,
				71CF9900178413AF00D266A6 /* DateSynViewController.xib in Resources */,
				71CF9905178413BE00D266A6 /* SystemSetViewController.xib in Resources */,
				71CF990A178413D600D266A6 /* VersionInfoViewController.xib in Resources */,
				71CF990C1784144F00D266A6 /* Readme_For_ShuaiYin.txt in Resources */,
				71CF990E1784149500D266A6 /* Readme_For_LvLei.txt in Resources */,
				71CF99121784184800D266A6 /* versionimg.png in Resources */,
				71CF991417841B1900D266A6 /* bodybgs.png in Resources */,
				71CF991A17841F7E00D266A6 /* DayWorkViewController.xib in Resources */,
				71CF9922178420FF00D266A6 /* icon101.png in Resources */,
				71CF9923178420FF00D266A6 /* icon102.png in Resources */,
				71CF9924178420FF00D266A6 /* icon103.png in Resources */,
				71CF9925178420FF00D266A6 /* icon104.png in Resources */,
				71CF9926178420FF00D266A6 /* icon105.png in Resources */,
				71CF9927178420FF00D266A6 /* icon401.png in Resources */,
				71CF992D1785070F00D266A6 /* ShopInfoViewController.xib in Resources */,
				71CF993417850E6300D266A6 /* toolsbga.png in Resources */,
				71CF993517850E6300D266A6 /* toolsbgb_click.png in Resources */,
				71CF993617850E6300D266A6 /* toolsbgb.png in Resources */,
				71CF993917850FA300D266A6 /* selecttoolnones.png in Resources */,
				71CF993A17850FA300D266A6 /* selecttoolnone.png in Resources */,
				71CF993D1785107800D266A6 /* buttonbg_01.png in Resources */,
				71CF993E1785107800D266A6 /* buttonbg_02.png in Resources */,
				71CF994517851BCD00D266A6 /* FancyCellView.xib in Resources */,
				71CF994717851BDE00D266A6 /* about-tomthorpelogo.png in Resources */,
				71CF994E17851C9300D266A6 /* DIYTableViewController.xib in Resources */,
				71CF99531785213600D266A6 /* TabThreeViewController.xib in Resources */,
				71CF99581785340400D266A6 /* ShopInfoCell.xib in Resources */,
				71CF995A178536E200D266A6 /* picicon.png in Resources */,
				71CF995C1785375400D266A6 /* picicons.png in Resources */,
				71CF9971178652A100D266A6 /* blueArrow.png in Resources */,
				71CF9972178652A100D266A6 /* blueArrow@2x.png in Resources */,
				71CF9973178652A100D266A6 /* blueArrowDown.png in Resources */,
				71CF9974178652A100D266A6 /* blueArrowDown@2x.png in Resources */,
				7184BA551786C5A000CE38F3 /* ShopInfoFKViewController.xib in Resources */,
				7184BAE7178A889A00CE38F3 /* a.png in Resources */,
				7184BAE8178A889A00CE38F3 /* d.png in Resources */,
				71F85F36178E5BA200DBB059 /* VRGViewController.xib in Resources */,
				71F75A0E178E9C5B00EF71FA /* p01.png in Resources */,
				711414F6178EA0C600042DD2 /* ShopInfoAddViewController.xib in Resources */,
				711414FB178EA7D200042DD2 /* jhztbg01.png in Resources */,
				711414FC178EA7D200042DD2 /* jhztbg02.png in Resources */,
				711414FD178EA7D200042DD2 /* jhztbg03.png in Resources */,
				7150B3FE178FA6DB00733608 /* cancel.png in Resources */,
				7150B3FF178FA6DB00733608 /* alert-window.png in Resources */,
				7150B400178FA6DB00733608 /* alert-window@2x.png in Resources */,
				7150B401178FA6DB00733608 /* camera_mode.png in Resources */,
				7150B402178FA6DB00733608 /* camera_icon.png in Resources */,
				7150B403178FA6DB00733608 /* camera_set.png in Resources */,
				7150B404178FA6DB00733608 /* camera_flash_auto.png in Resources */,
				7150B405178FA6DB00733608 /* camera_flash_off.png in Resources */,
				7150B406178FA6DB00733608 /* camera_flash_on.png in Resources */,
				07BFB2481793AC2800FE623A /* login.png in Resources */,
				07BFB2491793AC2800FE623A /* login1.png in Resources */,
				07BFB24A1793AC2800FE623A /* boxbg.png in Resources */,
			);
			runOnlyForDeploymentPostprocessing = 0;
		};
/* End PBXResourcesBuildPhase section */

/* Begin PBXSourcesBuildPhase section */
		71C305751783CFAB001A09AF /* Sources */ = {
			isa = PBXSourcesBuildPhase;
			buildActionMask = 2147483647;
			files = (
				71C305891783CFAB001A09AF /* main.m in Sources */,
				71C3058D1783CFAB001A09AF /* AppDelegate.m in Sources */,
				71C305961783CFAB001A09AF /* ViewController.m in Sources */,
				71CF98931783F53800D266A6 /* TPKeyboardAvoidingTableView.m in Sources */,
				71CF98941783F53800D266A6 /* TPKeyboardAvoidingScrollView.m in Sources */,
				71CF98951783F53800D266A6 /* TPKeyboardAvoidingSampleAppDelegate.m in Sources */,
				71CF98961783F53800D266A6 /* WXHLGlobalUICommon.m in Sources */,
				71CF989D1783F54B00D266A6 /* CSqlite.m in Sources */,
				71CF98A21783F56600D266A6 /* AppHelper.m in Sources */,
				71CF98AB1783F59700D266A6 /* WebServices.m in Sources */,
				71CF98AC1783F59700D266A6 /* ServiceHelper.m in Sources */,
				71CF98BD1783F5A200D266A6 /* ASINetworkQueue.m in Sources */,
				71CF98BE1783F5A200D266A6 /* ASIDataDecompressor.m in Sources */,
				71CF98BF1783F5A200D266A6 /* ASIDataCompressor.m in Sources */,
				71CF98C01783F5A200D266A6 /* ASIInputStream.m in Sources */,
				71CF98C11783F5A200D266A6 /* ASIAuthenticationDialog.m in Sources */,
				71CF98C21783F5A200D266A6 /* ASIHTTPRequest.m in Sources */,
				71CF98C51783F5AF00D266A6 /* Reachability.m in Sources */,
				71CF98CD1783F5DC00D266A6 /* GDataXMLNode.m in Sources */,
				71CF98CE1783F5DC00D266A6 /* SoapXmlParseHelper.m in Sources */,
				71CF98D21783F5F100D266A6 /* SoapHelper.m in Sources */,
				71CF98D61783F62000D266A6 /* MBProgressHUD.m in Sources */,
				71CF98F7178410B900D266A6 /* LoginViewController.m in Sources */,
				71CF98FF178413AF00D266A6 /* DateSynViewController.m in Sources */,
				71CF9904178413BE00D266A6 /* SystemSetViewController.m in Sources */,
				71CF9909178413D600D266A6 /* VersionInfoViewController.m in Sources */,
				71CF991917841F7E00D266A6 /* DayWorkViewController.m in Sources */,
				71CF992C1785070F00D266A6 /* ShopInfoViewController.m in Sources */,
				71CF9942178516E800D266A6 /* TTUITableViewZoomController.m in Sources */,
				71CF994B17851C0E00D266A6 /* DIYTableViewController.m in Sources */,
				71CF99521785213600D266A6 /* TabThreeViewController.m in Sources */,
				71CF9956178533DE00D266A6 /* ShopInfoCell.m in Sources */,
				71CF9962178555EE00D266A6 /* UseNETGetShopInfoDao.m in Sources */,
				71CF99691785674B00D266A6 /* JSONKit.m in Sources */,
				71CF9975178652A100D266A6 /* PullingRefreshTableView.m in Sources */,
				7184BA501786C49100CE38F3 /* ShopInfoEntity.m in Sources */,
				7184BA541786C5A000CE38F3 /* ShopInfoFKViewController.m in Sources */,
				71F85F2C178E5B8B00DBB059 /* VRGCalendarView.m in Sources */,
				71F85F2D178E5B8B00DBB059 /* UIView+convenience.m in Sources */,
				71F85F2E178E5B8B00DBB059 /* NSMutableArray+convenience.m in Sources */,
				71F85F2F178E5B8B00DBB059 /* NSDate+convenience.m in Sources */,
				71F85F30178E5B8B00DBB059 /* UIColor+expanded.m in Sources */,
				71F85F35178E5BA200DBB059 /* VRGViewController.m in Sources */,
				71F85F59178E935B00DBB059 /* EScrollerView.m in Sources */,
				71F85F61178E93AC00DBB059 /* EGOImageView.m in Sources */,
				71F85F66178E93B500DBB059 /* EGOImageLoader.m in Sources */,
				71F85F67178E93B500DBB059 /* EGOImageLoadConnection.m in Sources */,
				71F85F6A178E93BC00DBB059 /* EGOImageButton.m in Sources */,
				71F85F6D178E93C300DBB059 /* EGOCache.m in Sources */,
				711414F5178EA0C600042DD2 /* ShopInfoAddViewController.m in Sources */,
				7150B3F0178FA6AE00733608 /* UIButton+Badge.m in Sources */,
				7150B3F3178FA6BB00733608 /* CustomAlertView.m in Sources */,
				711C7BE9178FE05A0041FE3C /* MBAlertView.m in Sources */,
				711C7BEA178FE05A0041FE3C /* MBHUDView.m in Sources */,
				711C7BF2178FE07C0041FE3C /* NSString+Trim.m in Sources */,
				711C7BF3178FE07C0041FE3C /* UIFont+Alert.m in Sources */,
				711C7BF4178FE07C0041FE3C /* UIView+Animations.m in Sources */,
				711C7BFD178FE08C0041FE3C /* MBAlertViewButton.m in Sources */,
				711C7BFE178FE08C0041FE3C /* MBCheckMarkView.m in Sources */,
				711C7BFF178FE08C0041FE3C /* MBSpinningCircle.m in Sources */,
				711C7C04178FE0A00041FE3C /* MBAlertViewItem.m in Sources */,
				074FE5331793A888008FD732 /* JKCustomAlert.m in Sources */,
			);
			runOnlyForDeploymentPostprocessing = 0;
		};
/* End PBXSourcesBuildPhase section */

/* Begin PBXVariantGroup section */
		71C305851783CFAB001A09AF /* InfoPlist.strings */ = {
			isa = PBXVariantGroup;
			children = (
				71C305861783CFAB001A09AF /* en */,
			);
			name = InfoPlist.strings;
			sourceTree = "<group>";
		};
		71C305971783CFAB001A09AF /* ViewController_iPhone.xib */ = {
			isa = PBXVariantGroup;
			children = (
				71C305981783CFAB001A09AF /* en */,
			);
			name = ViewController_iPhone.xib;
			sourceTree = "<group>";
		};
		71C3059A1783CFAB001A09AF /* ViewController_iPad.xib */ = {
			isa = PBXVariantGroup;
			children = (
				71C3059B1783CFAB001A09AF /* en */,
			);
			name = ViewController_iPad.xib;
			sourceTree = "<group>";
		};
/* End PBXVariantGroup section */

/* Begin XCBuildConfiguration section */
		71C3059D1783CFAB001A09AF /* Debug */ = {
			isa = XCBuildConfiguration;
			buildSettings = {
				ALWAYS_SEARCH_USER_PATHS = NO;
				CLANG_CXX_LANGUAGE_STANDARD = "gnu++0x";
				CLANG_CXX_LIBRARY = "libc++";
				CLANG_WARN_CONSTANT_CONVERSION = YES;
				CLANG_WARN_EMPTY_BODY = YES;
				CLANG_WARN_ENUM_CONVERSION = YES;
				CLANG_WARN_INT_CONVERSION = YES;
				CLANG_WARN__DUPLICATE_METHOD_MATCH = YES;
				"CODE_SIGN_IDENTITY[sdk=iphoneos*]" = "iPhone Developer";
				COPY_PHASE_STRIP = NO;
				GCC_C_LANGUAGE_STANDARD = gnu99;
				GCC_DYNAMIC_NO_PIC = NO;
				GCC_OPTIMIZATION_LEVEL = 0;
				GCC_PREPROCESSOR_DEFINITIONS = (
					"DEBUG=1",
					"$(inherited)",
				);
				GCC_SYMBOLS_PRIVATE_EXTERN = NO;
				GCC_WARN_ABOUT_RETURN_TYPE = YES;
				GCC_WARN_UNINITIALIZED_AUTOS = YES;
				GCC_WARN_UNUSED_VARIABLE = YES;
				IPHONEOS_DEPLOYMENT_TARGET = 6.1;
				ONLY_ACTIVE_ARCH = YES;
				SDKROOT = iphoneos;
				TARGETED_DEVICE_FAMILY = "1,2";
			};
			name = Debug;
		};
		71C3059E1783CFAB001A09AF /* Release */ = {
			isa = XCBuildConfiguration;
			buildSettings = {
				ALWAYS_SEARCH_USER_PATHS = NO;
				CLANG_CXX_LANGUAGE_STANDARD = "gnu++0x";
				CLANG_CXX_LIBRARY = "libc++";
				CLANG_WARN_CONSTANT_CONVERSION = YES;
				CLANG_WARN_EMPTY_BODY = YES;
				CLANG_WARN_ENUM_CONVERSION = YES;
				CLANG_WARN_INT_CONVERSION = YES;
				CLANG_WARN__DUPLICATE_METHOD_MATCH = YES;
				"CODE_SIGN_IDENTITY[sdk=iphoneos*]" = "iPhone Developer";
				COPY_PHASE_STRIP = YES;
				GCC_C_LANGUAGE_STANDARD = gnu99;
				GCC_WARN_ABOUT_RETURN_TYPE = YES;
				GCC_WARN_UNINITIALIZED_AUTOS = YES;
				GCC_WARN_UNUSED_VARIABLE = YES;
				IPHONEOS_DEPLOYMENT_TARGET = 6.1;
				OTHER_CFLAGS = "-DNS_BLOCK_ASSERTIONS=1";
				SDKROOT = iphoneos;
				TARGETED_DEVICE_FAMILY = "1,2";
				VALIDATE_PRODUCT = YES;
			};
			name = Release;
		};
		71C305A01783CFAB001A09AF /* Debug */ = {
			isa = XCBuildConfiguration;
			buildSettings = {
				FRAMEWORK_SEARCH_PATHS = (
					"$(inherited)",
					"\"$(SYSTEM_APPS_DIR)/Xcode.app/Contents/Developer/Library/Frameworks\"",
				);
				GCC_PRECOMPILE_PREFIX_HEADER = YES;
				GCC_PREFIX_HEADER = "YYWS/YYWS-Prefix.pch";
				HEADER_SEARCH_PATHS = /usr/include/libxml2;
				INFOPLIST_FILE = "YYWS/YYWS-Info.plist";
				IPHONEOS_DEPLOYMENT_TARGET = 5.0;
				PRODUCT_NAME = "$(TARGET_NAME)";
				TARGETED_DEVICE_FAMILY = "1,2";
				WRAPPER_EXTENSION = app;
			};
			name = Debug;
		};
		71C305A11783CFAB001A09AF /* Release */ = {
			isa = XCBuildConfiguration;
			buildSettings = {
				FRAMEWORK_SEARCH_PATHS = (
					"$(inherited)",
					"\"$(SYSTEM_APPS_DIR)/Xcode.app/Contents/Developer/Library/Frameworks\"",
				);
				GCC_PRECOMPILE_PREFIX_HEADER = YES;
				GCC_PREFIX_HEADER = "YYWS/YYWS-Prefix.pch";
				HEADER_SEARCH_PATHS = /usr/include/libxml2;
				INFOPLIST_FILE = "YYWS/YYWS-Info.plist";
				IPHONEOS_DEPLOYMENT_TARGET = 5.0;
				PRODUCT_NAME = "$(TARGET_NAME)";
				TARGETED_DEVICE_FAMILY = "1,2";
				WRAPPER_EXTENSION = app;
			};
			name = Release;
		};
/* End XCBuildConfiguration section */

/* Begin XCConfigurationList section */
		71C305741783CFAB001A09AF /* Build configuration list for PBXProject "YYWS" */ = {
			isa = XCConfigurationList;
			buildConfigurations = (
				71C3059D1783CFAB001A09AF /* Debug */,
				71C3059E1783CFAB001A09AF /* Release */,
			);
			defaultConfigurationIsVisible = 0;
			defaultConfigurationName = Release;
		};
		71C3059F1783CFAB001A09AF /* Build configuration list for PBXNativeTarget "YYWS" */ = {
			isa = XCConfigurationList;
			buildConfigurations = (
				71C305A01783CFAB001A09AF /* Debug */,
				71C305A11783CFAB001A09AF /* Release */,
			);
			defaultConfigurationIsVisible = 0;
			defaultConfigurationName = Release;
		};
/* End XCConfigurationList section */
	};
	rootObject = 71C305711783CFAB001A09AF /* Project object */;
}
